// !$*UTF8*$!
{
	archiveVersion = 1;
	classes = {
	};
	objectVersion = 55;
	objects = {

/* Begin PBXBuildFile section */
		4F4250ED27DE5D0D00CF004C /* AppDelegate.swift in Sources */ = {isa = PBXBuildFile; fileRef = 4F4250EC27DE5D0D00CF004C /* AppDelegate.swift */; };
		4F4250EF27DE5D0D00CF004C /* SceneDelegate.swift in Sources */ = {isa = PBXBuildFile; fileRef = 4F4250EE27DE5D0D00CF004C /* SceneDelegate.swift */; };
		4F4250F127DE5D0D00CF004C /* ViewController.swift in Sources */ = {isa = PBXBuildFile; fileRef = 4F4250F027DE5D0D00CF004C /* ViewController.swift */; };
		4F4250F427DE5D0D00CF004C /* Main.storyboard in Resources */ = {isa = PBXBuildFile; fileRef = 4F4250F227DE5D0D00CF004C /* Main.storyboard */; };
		4F4250F727DE5D0D00CF004C /* SwiftMVVMBoilerplate.xcdatamodeld in Sources */ = {isa = PBXBuildFile; fileRef = 4F4250F527DE5D0D00CF004C /* SwiftMVVMBoilerplate.xcdatamodeld */; };
		4F4250F927DE5D0F00CF004C /* Assets.xcassets in Resources */ = {isa = PBXBuildFile; fileRef = 4F4250F827DE5D0F00CF004C /* Assets.xcassets */; };
		4F4250FC27DE5D0F00CF004C /* LaunchScreen.storyboard in Resources */ = {isa = PBXBuildFile; fileRef = 4F4250FA27DE5D0F00CF004C /* LaunchScreen.storyboard */; };
		4F42510727DE5D1000CF004C /* SwiftMVVMBoilerplateTests.swift in Sources */ = {isa = PBXBuildFile; fileRef = 4F42510627DE5D1000CF004C /* SwiftMVVMBoilerplateTests.swift */; };
		4F42511127DE5D1000CF004C /* SwiftMVVMBoilerplateUITests.swift in Sources */ = {isa = PBXBuildFile; fileRef = 4F42511027DE5D1000CF004C /* SwiftMVVMBoilerplateUITests.swift */; };
		4F42511327DE5D1000CF004C /* SwiftMVVMBoilerplateUITestsLaunchTests.swift in Sources */ = {isa = PBXBuildFile; fileRef = 4F42511227DE5D1000CF004C /* SwiftMVVMBoilerplateUITestsLaunchTests.swift */; };
		4F42512927DE77BE00CF004C /* HomeViewController.swift in Sources */ = {isa = PBXBuildFile; fileRef = 4F42512727DE77BD00CF004C /* HomeViewController.swift */; };
		4F42512A27DE77BE00CF004C /* HomeViewController.xib in Resources */ = {isa = PBXBuildFile; fileRef = 4F42512827DE77BD00CF004C /* HomeViewController.xib */; };
		4F42512D27DF252400CF004C /* HomeUserCell.swift in Sources */ = {isa = PBXBuildFile; fileRef = 4F42512B27DF252400CF004C /* HomeUserCell.swift */; };
		4F42512E27DF252400CF004C /* HomeUserCell.xib in Resources */ = {isa = PBXBuildFile; fileRef = 4F42512C27DF252400CF004C /* HomeUserCell.xib */; };
		4FD3CD3F27DF471300681976 /* ReusableTableViewCell.swift in Sources */ = {isa = PBXBuildFile; fileRef = 4FD3CD3E27DF471300681976 /* ReusableTableViewCell.swift */; };
		4FD3CD4427DF813700681976 /* HomeListViewModell.swift in Sources */ = {isa = PBXBuildFile; fileRef = 4FD3CD4327DF813700681976 /* HomeListViewModell.swift */; };
		4FD3CD4727DF8D7600681976 /* People.swift in Sources */ = {isa = PBXBuildFile; fileRef = 4FD3CD4627DF8D7600681976 /* People.swift */; };
		4FD3CD4A27DFA3EE00681976 /* DataGenerator.swift in Sources */ = {isa = PBXBuildFile; fileRef = 4FD3CD4927DFA3EE00681976 /* DataGenerator.swift */; };
		4FD3CD4C27DFBA0B00681976 /* ActivityIndicator.swift in Sources */ = {isa = PBXBuildFile; fileRef = 4FD3CD4B27DFBA0A00681976 /* ActivityIndicator.swift */; };
		4FD3CD4F27E10BFC00681976 /* Bind.swift in Sources */ = {isa = PBXBuildFile; fileRef = 4FD3CD4E27E10BFC00681976 /* Bind.swift */; };
/* End PBXBuildFile section */

/* Begin PBXContainerItemProxy section */
		4F42510327DE5D1000CF004C /* PBXContainerItemProxy */ = {
			isa = PBXContainerItemProxy;
			containerPortal = 4F4250E127DE5D0D00CF004C /* Project object */;
			proxyType = 1;
			remoteGlobalIDString = 4F4250E827DE5D0D00CF004C;
			remoteInfo = SwiftMVVMBoilerplate;
		};
		4F42510D27DE5D1000CF004C /* PBXContainerItemProxy */ = {
			isa = PBXContainerItemProxy;
			containerPortal = 4F4250E127DE5D0D00CF004C /* Project object */;
			proxyType = 1;
			remoteGlobalIDString = 4F4250E827DE5D0D00CF004C;
			remoteInfo = SwiftMVVMBoilerplate;
		};
/* End PBXContainerItemProxy section */

/* Begin PBXFileReference section */
		4F4250E927DE5D0D00CF004C /* SwiftMVVMBoilerplate.app */ = {isa = PBXFileReference; explicitFileType = wrapper.application; includeInIndex = 0; path = SwiftMVVMBoilerplate.app; sourceTree = BUILT_PRODUCTS_DIR; };
		4F4250EC27DE5D0D00CF004C /* AppDelegate.swift */ = {isa = PBXFileReference; lastKnownFileType = sourcecode.swift; path = AppDelegate.swift; sourceTree = "<group>"; };
		4F4250EE27DE5D0D00CF004C /* SceneDelegate.swift */ = {isa = PBXFileReference; lastKnownFileType = sourcecode.swift; path = SceneDelegate.swift; sourceTree = "<group>"; };
		4F4250F027DE5D0D00CF004C /* ViewController.swift */ = {isa = PBXFileReference; lastKnownFileType = sourcecode.swift; path = ViewController.swift; sourceTree = "<group>"; };
		4F4250F327DE5D0D00CF004C /* Base */ = {isa = PBXFileReference; lastKnownFileType = file.storyboard; name = Base; path = Base.lproj/Main.storyboard; sourceTree = "<group>"; };
		4F4250F627DE5D0D00CF004C /* SwiftMVVMBoilerplate.xcdatamodel */ = {isa = PBXFileReference; lastKnownFileType = wrapper.xcdatamodel; path = SwiftMVVMBoilerplate.xcdatamodel; sourceTree = "<group>"; };
		4F4250F827DE5D0F00CF004C /* Assets.xcassets */ = {isa = PBXFileReference; lastKnownFileType = folder.assetcatalog; path = Assets.xcassets; sourceTree = "<group>"; };
		4F4250FB27DE5D0F00CF004C /* Base */ = {isa = PBXFileReference; lastKnownFileType = file.storyboard; name = Base; path = Base.lproj/LaunchScreen.storyboard; sourceTree = "<group>"; };
		4F4250FD27DE5D0F00CF004C /* Info.plist */ = {isa = PBXFileReference; lastKnownFileType = text.plist.xml; path = Info.plist; sourceTree = "<group>"; };
		4F42510227DE5D1000CF004C /* SwiftMVVMBoilerplateTests.xctest */ = {isa = PBXFileReference; explicitFileType = wrapper.cfbundle; includeInIndex = 0; path = SwiftMVVMBoilerplateTests.xctest; sourceTree = BUILT_PRODUCTS_DIR; };
		4F42510627DE5D1000CF004C /* SwiftMVVMBoilerplateTests.swift */ = {isa = PBXFileReference; lastKnownFileType = sourcecode.swift; path = SwiftMVVMBoilerplateTests.swift; sourceTree = "<group>"; };
		4F42510C27DE5D1000CF004C /* SwiftMVVMBoilerplateUITests.xctest */ = {isa = PBXFileReference; explicitFileType = wrapper.cfbundle; includeInIndex = 0; path = SwiftMVVMBoilerplateUITests.xctest; sourceTree = BUILT_PRODUCTS_DIR; };
		4F42511027DE5D1000CF004C /* SwiftMVVMBoilerplateUITests.swift */ = {isa = PBXFileReference; lastKnownFileType = sourcecode.swift; path = SwiftMVVMBoilerplateUITests.swift; sourceTree = "<group>"; };
		4F42511227DE5D1000CF004C /* SwiftMVVMBoilerplateUITestsLaunchTests.swift */ = {isa = PBXFileReference; lastKnownFileType = sourcecode.swift; path = SwiftMVVMBoilerplateUITestsLaunchTests.swift; sourceTree = "<group>"; };
		4F42512727DE77BD00CF004C /* HomeViewController.swift */ = {isa = PBXFileReference; lastKnownFileType = sourcecode.swift; path = HomeViewController.swift; sourceTree = "<group>"; };
		4F42512827DE77BD00CF004C /* HomeViewController.xib */ = {isa = PBXFileReference; lastKnownFileType = file.xib; path = HomeViewController.xib; sourceTree = "<group>"; };
		4F42512B27DF252400CF004C /* HomeUserCell.swift */ = {isa = PBXFileReference; lastKnownFileType = sourcecode.swift; path = HomeUserCell.swift; sourceTree = "<group>"; };
		4F42512C27DF252400CF004C /* HomeUserCell.xib */ = {isa = PBXFileReference; lastKnownFileType = file.xib; path = HomeUserCell.xib; sourceTree = "<group>"; };
		4FD3CD3E27DF471300681976 /* ReusableTableViewCell.swift */ = {isa = PBXFileReference; lastKnownFileType = sourcecode.swift; path = ReusableTableViewCell.swift; sourceTree = "<group>"; };
		4FD3CD4327DF813700681976 /* HomeListViewModell.swift */ = {isa = PBXFileReference; lastKnownFileType = sourcecode.swift; path = HomeListViewModell.swift; sourceTree = "<group>"; };
		4FD3CD4627DF8D7600681976 /* People.swift */ = {isa = PBXFileReference; lastKnownFileType = sourcecode.swift; path = People.swift; sourceTree = "<group>"; };
		4FD3CD4927DFA3EE00681976 /* DataGenerator.swift */ = {isa = PBXFileReference; lastKnownFileType = sourcecode.swift; path = DataGenerator.swift; sourceTree = "<group>"; };
		4FD3CD4B27DFBA0A00681976 /* ActivityIndicator.swift */ = {isa = PBXFileReference; lastKnownFileType = sourcecode.swift; path = ActivityIndicator.swift; sourceTree = "<group>"; };
		4FD3CD4E27E10BFC00681976 /* Bind.swift */ = {isa = PBXFileReference; lastKnownFileType = sourcecode.swift; path = Bind.swift; sourceTree = "<group>"; };
/* End PBXFileReference section */

/* Begin PBXFrameworksBuildPhase section */
		4F4250E627DE5D0D00CF004C /* Frameworks */ = {
			isa = PBXFrameworksBuildPhase;
			buildActionMask = 2147483647;
			files = (
			);
			runOnlyForDeploymentPostprocessing = 0;
		};
		4F4250FF27DE5D1000CF004C /* Frameworks */ = {
			isa = PBXFrameworksBuildPhase;
			buildActionMask = 2147483647;
			files = (
			);
			runOnlyForDeploymentPostprocessing = 0;
		};
		4F42510927DE5D1000CF004C /* Frameworks */ = {
			isa = PBXFrameworksBuildPhase;
			buildActionMask = 2147483647;
			files = (
			);
			runOnlyForDeploymentPostprocessing = 0;
		};
/* End PBXFrameworksBuildPhase section */

/* Begin PBXGroup section */
		4F4250E027DE5D0D00CF004C = {
			isa = PBXGroup;
			children = (
				4F4250EB27DE5D0D00CF004C /* SwiftMVVMBoilerplate */,
				4F42510527DE5D1000CF004C /* SwiftMVVMBoilerplateTests */,
				4F42510F27DE5D1000CF004C /* SwiftMVVMBoilerplateUITests */,
				4F4250EA27DE5D0D00CF004C /* Products */,
			);
			sourceTree = "<group>";
		};
		4F4250EA27DE5D0D00CF004C /* Products */ = {
			isa = PBXGroup;
			children = (
				4F4250E927DE5D0D00CF004C /* SwiftMVVMBoilerplate.app */,
				4F42510227DE5D1000CF004C /* SwiftMVVMBoilerplateTests.xctest */,
				4F42510C27DE5D1000CF004C /* SwiftMVVMBoilerplateUITests.xctest */,
			);
			name = Products;
			sourceTree = "<group>";
		};
		4F4250EB27DE5D0D00CF004C /* SwiftMVVMBoilerplate */ = {
			isa = PBXGroup;
			children = (
				4FD3CD4D27E10B8500681976 /* Binding */,
				4FD3CD4827DFA3CE00681976 /* Extras */,
				4F42512327DE739800CF004C /* Extensions */,
				4F42511F27DE733100CF004C /* Modules */,
				4F4250EC27DE5D0D00CF004C /* AppDelegate.swift */,
				4F4250EE27DE5D0D00CF004C /* SceneDelegate.swift */,
				4F4250F027DE5D0D00CF004C /* ViewController.swift */,
				4F4250F227DE5D0D00CF004C /* Main.storyboard */,
				4F4250F827DE5D0F00CF004C /* Assets.xcassets */,
				4F4250FA27DE5D0F00CF004C /* LaunchScreen.storyboard */,
				4F4250FD27DE5D0F00CF004C /* Info.plist */,
				4F4250F527DE5D0D00CF004C /* SwiftMVVMBoilerplate.xcdatamodeld */,
			);
			path = SwiftMVVMBoilerplate;
			sourceTree = "<group>";
		};
		4F42510527DE5D1000CF004C /* SwiftMVVMBoilerplateTests */ = {
			isa = PBXGroup;
			children = (
				4F42510627DE5D1000CF004C /* SwiftMVVMBoilerplateTests.swift */,
			);
			path = SwiftMVVMBoilerplateTests;
			sourceTree = "<group>";
		};
		4F42510F27DE5D1000CF004C /* SwiftMVVMBoilerplateUITests */ = {
			isa = PBXGroup;
			children = (
				4F42511027DE5D1000CF004C /* SwiftMVVMBoilerplateUITests.swift */,
				4F42511227DE5D1000CF004C /* SwiftMVVMBoilerplateUITestsLaunchTests.swift */,
			);
			path = SwiftMVVMBoilerplateUITests;
			sourceTree = "<group>";
		};
		4F42511F27DE733100CF004C /* Modules */ = {
			isa = PBXGroup;
			children = (
				4F42512227DE736C00CF004C /* Models */,
				4F42512127DE736400CF004C /* Views */,
				4F42512027DE734000CF004C /* ViewModels */,
			);
			path = Modules;
			sourceTree = "<group>";
		};
		4F42512027DE734000CF004C /* ViewModels */ = {
			isa = PBXGroup;
			children = (
				4FD3CD4027DF80F200681976 /* Home */,
			);
			path = ViewModels;
			sourceTree = "<group>";
		};
		4F42512127DE736400CF004C /* Views */ = {
			isa = PBXGroup;
			children = (
				4F42512427DE749A00CF004C /* Home */,
			);
			path = Views;
			sourceTree = "<group>";
		};
		4F42512227DE736C00CF004C /* Models */ = {
			isa = PBXGroup;
			children = (
				4FD3CD4527DF8D4200681976 /* Home */,
			);
			path = Models;
			sourceTree = "<group>";
		};
		4F42512327DE739800CF004C /* Extensions */ = {
			isa = PBXGroup;
			children = (
				4FD3CD3E27DF471300681976 /* ReusableTableViewCell.swift */,
			);
			path = Extensions;
			sourceTree = "<group>";
		};
		4F42512427DE749A00CF004C /* Home */ = {
			isa = PBXGroup;
			children = (
				4F42512627DE757800CF004C /* Cell */,
				4F42512527DE756F00CF004C /* Controller */,
			);
			path = Home;
			sourceTree = "<group>";
		};
		4F42512527DE756F00CF004C /* Controller */ = {
			isa = PBXGroup;
			children = (
				4F42512727DE77BD00CF004C /* HomeViewController.swift */,
				4F42512827DE77BD00CF004C /* HomeViewController.xib */,
			);
			path = Controller;
			sourceTree = "<group>";
		};
		4F42512627DE757800CF004C /* Cell */ = {
			isa = PBXGroup;
			children = (
				4F42512B27DF252400CF004C /* HomeUserCell.swift */,
				4F42512C27DF252400CF004C /* HomeUserCell.xib */,
			);
			path = Cell;
			sourceTree = "<group>";
		};
		4FD3CD4027DF80F200681976 /* Home */ = {
			isa = PBXGroup;
			children = (
				4FD3CD4227DF811500681976 /* VMController */,
				4FD3CD4127DF80F800681976 /* VMCell */,
			);
			path = Home;
			sourceTree = "<group>";
		};
		4FD3CD4127DF80F800681976 /* VMCell */ = {
			isa = PBXGroup;
			children = (
			);
			path = VMCell;
			sourceTree = "<group>";
		};
		4FD3CD4227DF811500681976 /* VMController */ = {
			isa = PBXGroup;
			children = (
				4FD3CD4327DF813700681976 /* HomeListViewModell.swift */,
			);
			path = VMController;
			sourceTree = "<group>";
		};
		4FD3CD4527DF8D4200681976 /* Home */ = {
			isa = PBXGroup;
			children = (
				4FD3CD4627DF8D7600681976 /* People.swift */,
			);
			path = Home;
			sourceTree = "<group>";
		};
		4FD3CD4827DFA3CE00681976 /* Extras */ = {
			isa = PBXGroup;
			children = (
				4FD3CD4927DFA3EE00681976 /* DataGenerator.swift */,
				4FD3CD4B27DFBA0A00681976 /* ActivityIndicator.swift */,
			);
			path = Extras;
			sourceTree = "<group>";
		};
		4FD3CD4D27E10B8500681976 /* Binding */ = {
			isa = PBXGroup;
			children = (
				4FD3CD4E27E10BFC00681976 /* Bind.swift */,
			);
			path = Binding;
			sourceTree = "<group>";
		};
/* End PBXGroup section */

/* Begin PBXNativeTarget section */
		4F4250E827DE5D0D00CF004C /* SwiftMVVMBoilerplate */ = {
			isa = PBXNativeTarget;
			buildConfigurationList = 4F42511627DE5D1000CF004C /* Build configuration list for PBXNativeTarget "SwiftMVVMBoilerplate" */;
			buildPhases = (
				4F4250E527DE5D0D00CF004C /* Sources */,
				4F4250E627DE5D0D00CF004C /* Frameworks */,
				4F4250E727DE5D0D00CF004C /* Resources */,
			);
			buildRules = (
			);
			dependencies = (
			);
			name = SwiftMVVMBoilerplate;
			productName = SwiftMVVMBoilerplate;
			productReference = 4F4250E927DE5D0D00CF004C /* SwiftMVVMBoilerplate.app */;
			productType = "com.apple.product-type.application";
		};
		4F42510127DE5D1000CF004C /* SwiftMVVMBoilerplateTests */ = {
			isa = PBXNativeTarget;
			buildConfigurationList = 4F42511927DE5D1000CF004C /* Build configuration list for PBXNativeTarget "SwiftMVVMBoilerplateTests" */;
			buildPhases = (
				4F4250FE27DE5D1000CF004C /* Sources */,
				4F4250FF27DE5D1000CF004C /* Frameworks */,
				4F42510027DE5D1000CF004C /* Resources */,
			);
			buildRules = (
			);
			dependencies = (
				4F42510427DE5D1000CF004C /* PBXTargetDependency */,
			);
			name = SwiftMVVMBoilerplateTests;
			productName = SwiftMVVMBoilerplateTests;
			productReference = 4F42510227DE5D1000CF004C /* SwiftMVVMBoilerplateTests.xctest */;
			productType = "com.apple.product-type.bundle.unit-test";
		};
		4F42510B27DE5D1000CF004C /* SwiftMVVMBoilerplateUITests */ = {
			isa = PBXNativeTarget;
			buildConfigurationList = 4F42511C27DE5D1000CF004C /* Build configuration list for PBXNativeTarget "SwiftMVVMBoilerplateUITests" */;
			buildPhases = (
				4F42510827DE5D1000CF004C /* Sources */,
				4F42510927DE5D1000CF004C /* Frameworks */,
				4F42510A27DE5D1000CF004C /* Resources */,
			);
			buildRules = (
			);
			dependencies = (
				4F42510E27DE5D1000CF004C /* PBXTargetDependency */,
			);
			name = SwiftMVVMBoilerplateUITests;
			productName = SwiftMVVMBoilerplateUITests;
			productReference = 4F42510C27DE5D1000CF004C /* SwiftMVVMBoilerplateUITests.xctest */;
			productType = "com.apple.product-type.bundle.ui-testing";
		};
/* End PBXNativeTarget section */

/* Begin PBXProject section */
		4F4250E127DE5D0D00CF004C /* Project object */ = {
			isa = PBXProject;
			attributes = {
				BuildIndependentTargetsInParallel = 1;
				LastSwiftUpdateCheck = 1320;
				LastUpgradeCheck = 1320;
				TargetAttributes = {
					4F4250E827DE5D0D00CF004C = {
						CreatedOnToolsVersion = 13.2;
					};
					4F42510127DE5D1000CF004C = {
						CreatedOnToolsVersion = 13.2;
						TestTargetID = 4F4250E827DE5D0D00CF004C;
					};
					4F42510B27DE5D1000CF004C = {
						CreatedOnToolsVersion = 13.2;
						TestTargetID = 4F4250E827DE5D0D00CF004C;
					};
				};
			};
			buildConfigurationList = 4F4250E427DE5D0D00CF004C /* Build configuration list for PBXProject "SwiftMVVMBoilerplate" */;
			compatibilityVersion = "Xcode 13.0";
			developmentRegion = en;
			hasScannedForEncodings = 0;
			knownRegions = (
				en,
				Base,
			);
			mainGroup = 4F4250E027DE5D0D00CF004C;
			productRefGroup = 4F4250EA27DE5D0D00CF004C /* Products */;
			projectDirPath = "";
			projectRoot = "";
			targets = (
				4F4250E827DE5D0D00CF004C /* SwiftMVVMBoilerplate */,
				4F42510127DE5D1000CF004C /* SwiftMVVMBoilerplateTests */,
				4F42510B27DE5D1000CF004C /* SwiftMVVMBoilerplateUITests */,
			);
		};
/* End PBXProject section */

/* Begin PBXResourcesBuildPhase section */
		4F4250E727DE5D0D00CF004C /* Resources */ = {
			isa = PBXResourcesBuildPhase;
			buildActionMask = 2147483647;
			files = (
				4F4250FC27DE5D0F00CF004C /* LaunchScreen.storyboard in Resources */,
				4F4250F927DE5D0F00CF004C /* Assets.xcassets in Resources */,
				4F4250F427DE5D0D00CF004C /* Main.storyboard in Resources */,
				4F42512E27DF252400CF004C /* HomeUserCell.xib in Resources */,
				4F42512A27DE77BE00CF004C /* HomeViewController.xib in Resources */,
			);
			runOnlyForDeploymentPostprocessing = 0;
		};
		4F42510027DE5D1000CF004C /* Resources */ = {
			isa = PBXResourcesBuildPhase;
			buildActionMask = 2147483647;
			files = (
			);
			runOnlyForDeploymentPostprocessing = 0;
		};
		4F42510A27DE5D1000CF004C /* Resources */ = {
			isa = PBXResourcesBuildPhase;
			buildActionMask = 2147483647;
			files = (
			);
			runOnlyForDeploymentPostprocessing = 0;
		};
/* End PBXResourcesBuildPhase section */

/* Begin PBXSourcesBuildPhase section */
		4F4250E527DE5D0D00CF004C /* Sources */ = {
			isa = PBXSourcesBuildPhase;
			buildActionMask = 2147483647;
			files = (
				4F42512927DE77BE00CF004C /* HomeViewController.swift in Sources */,
				4F42512D27DF252400CF004C /* HomeUserCell.swift in Sources */,
				4F4250F127DE5D0D00CF004C /* ViewController.swift in Sources */,
				4FD3CD4427DF813700681976 /* HomeListViewModell.swift in Sources */,
				4FD3CD4727DF8D7600681976 /* People.swift in Sources */,
				4FD3CD4C27DFBA0B00681976 /* ActivityIndicator.swift in Sources */,
				4F4250F727DE5D0D00CF004C /* SwiftMVVMBoilerplate.xcdatamodeld in Sources */,
				4F4250ED27DE5D0D00CF004C /* AppDelegate.swift in Sources */,
				4FD3CD3F27DF471300681976 /* ReusableTableViewCell.swift in Sources */,
				4F4250EF27DE5D0D00CF004C /* SceneDelegate.swift in Sources */,
				4FD3CD4F27E10BFC00681976 /* Bind.swift in Sources */,
				4FD3CD4A27DFA3EE00681976 /* DataGenerator.swift in Sources */,
			);
			runOnlyForDeploymentPostprocessing = 0;
		};
		4F4250FE27DE5D1000CF004C /* Sources */ = {
			isa = PBXSourcesBuildPhase;
			buildActionMask = 2147483647;
			files = (
				4F42510727DE5D1000CF004C /* SwiftMVVMBoilerplateTests.swift in Sources */,
			);
			runOnlyForDeploymentPostprocessing = 0;
		};
		4F42510827DE5D1000CF004C /* Sources */ = {
			isa = PBXSourcesBuildPhase;
			buildActionMask = 2147483647;
			files = (
				4F42511327DE5D1000CF004C /* SwiftMVVMBoilerplateUITestsLaunchTests.swift in Sources */,
				4F42511127DE5D1000CF004C /* SwiftMVVMBoilerplateUITests.swift in Sources */,
			);
			runOnlyForDeploymentPostprocessing = 0;
		};
/* End PBXSourcesBuildPhase section */

/* Begin PBXTargetDependency section */
		4F42510427DE5D1000CF004C /* PBXTargetDependency */ = {
			isa = PBXTargetDependency;
			target = 4F4250E827DE5D0D00CF004C /* SwiftMVVMBoilerplate */;
			targetProxy = 4F42510327DE5D1000CF004C /* PBXContainerItemProxy */;
		};
		4F42510E27DE5D1000CF004C /* PBXTargetDependency */ = {
			isa = PBXTargetDependency;
			target = 4F4250E827DE5D0D00CF004C /* SwiftMVVMBoilerplate */;
			targetProxy = 4F42510D27DE5D1000CF004C /* PBXContainerItemProxy */;
		};
/* End PBXTargetDependency section */

/* Begin PBXVariantGroup section */
		4F4250F227DE5D0D00CF004C /* Main.storyboard */ = {
			isa = PBXVariantGroup;
			children = (
				4F4250F327DE5D0D00CF004C /* Base */,
			);
			name = Main.storyboard;
			sourceTree = "<group>";
		};
		4F4250FA27DE5D0F00CF004C /* LaunchScreen.storyboard */ = {
			isa = PBXVariantGroup;
			children = (
				4F4250FB27DE5D0F00CF004C /* Base */,
			);
			name = LaunchScreen.storyboard;
			sourceTree = "<group>";
		};
/* End PBXVariantGroup section */

/* Begin XCBuildConfiguration section */
		4F42511427DE5D1000CF004C /* Debug */ = {
			isa = XCBuildConfiguration;
			buildSettings = {
				ALWAYS_SEARCH_USER_PATHS = NO;
				CLANG_ANALYZER_NONNULL = YES;
				CLANG_ANALYZER_NUMBER_OBJECT_CONVERSION = YES_AGGRESSIVE;
				CLANG_CXX_LANGUAGE_STANDARD = "gnu++17";
				CLANG_CXX_LIBRARY = "libc++";
				CLANG_ENABLE_MODULES = YES;
				CLANG_ENABLE_OBJC_ARC = YES;
				CLANG_ENABLE_OBJC_WEAK = YES;
				CLANG_WARN_BLOCK_CAPTURE_AUTORELEASING = YES;
				CLANG_WARN_BOOL_CONVERSION = YES;
				CLANG_WARN_COMMA = YES;
				CLANG_WARN_CONSTANT_CONVERSION = YES;
				CLANG_WARN_DEPRECATED_OBJC_IMPLEMENTATIONS = YES;
				CLANG_WARN_DIRECT_OBJC_ISA_USAGE = YES_ERROR;
				CLANG_WARN_DOCUMENTATION_COMMENTS = YES;
				CLANG_WARN_EMPTY_BODY = YES;
				CLANG_WARN_ENUM_CONVERSION = YES;
				CLANG_WARN_INFINITE_RECURSION = YES;
				CLANG_WARN_INT_CONVERSION = YES;
				CLANG_WARN_NON_LITERAL_NULL_CONVERSION = YES;
				CLANG_WARN_OBJC_IMPLICIT_RETAIN_SELF = YES;
				CLANG_WARN_OBJC_LITERAL_CONVERSION = YES;
				CLANG_WARN_OBJC_ROOT_CLASS = YES_ERROR;
				CLANG_WARN_QUOTED_INCLUDE_IN_FRAMEWORK_HEADER = YES;
				CLANG_WARN_RANGE_LOOP_ANALYSIS = YES;
				CLANG_WARN_STRICT_PROTOTYPES = YES;
				CLANG_WARN_SUSPICIOUS_MOVE = YES;
				CLANG_WARN_UNGUARDED_AVAILABILITY = YES_AGGRESSIVE;
				CLANG_WARN_UNREACHABLE_CODE = YES;
				CLANG_WARN__DUPLICATE_METHOD_MATCH = YES;
				COPY_PHASE_STRIP = NO;
				DEBUG_INFORMATION_FORMAT = dwarf;
				ENABLE_STRICT_OBJC_MSGSEND = YES;
				ENABLE_TESTABILITY = YES;
				GCC_C_LANGUAGE_STANDARD = gnu11;
				GCC_DYNAMIC_NO_PIC = NO;
				GCC_NO_COMMON_BLOCKS = YES;
				GCC_OPTIMIZATION_LEVEL = 0;
				GCC_PREPROCESSOR_DEFINITIONS = (
					"DEBUG=1",
					"$(inherited)",
				);
				GCC_WARN_64_TO_32_BIT_CONVERSION = YES;
				GCC_WARN_ABOUT_RETURN_TYPE = YES_ERROR;
				GCC_WARN_UNDECLARED_SELECTOR = YES;
				GCC_WARN_UNINITIALIZED_AUTOS = YES_AGGRESSIVE;
				GCC_WARN_UNUSED_FUNCTION = YES;
				GCC_WARN_UNUSED_VARIABLE = YES;
				IPHONEOS_DEPLOYMENT_TARGET = 15.2;
				MTL_ENABLE_DEBUG_INFO = INCLUDE_SOURCE;
				MTL_FAST_MATH = YES;
				ONLY_ACTIVE_ARCH = YES;
				SDKROOT = iphoneos;
				SWIFT_ACTIVE_COMPILATION_CONDITIONS = DEBUG;
				SWIFT_OPTIMIZATION_LEVEL = "-Onone";
			};
			name = Debug;
		};
		4F42511527DE5D1000CF004C /* Release */ = {
			isa = XCBuildConfiguration;
			buildSettings = {
				ALWAYS_SEARCH_USER_PATHS = NO;
				CLANG_ANALYZER_NONNULL = YES;
				CLANG_ANALYZER_NUMBER_OBJECT_CONVERSION = YES_AGGRESSIVE;
				CLANG_CXX_LANGUAGE_STANDARD = "gnu++17";
				CLANG_CXX_LIBRARY = "libc++";
				CLANG_ENABLE_MODULES = YES;
				CLANG_ENABLE_OBJC_ARC = YES;
				CLANG_ENABLE_OBJC_WEAK = YES;
				CLANG_WARN_BLOCK_CAPTURE_AUTORELEASING = YES;
				CLANG_WARN_BOOL_CONVERSION = YES;
				CLANG_WARN_COMMA = YES;
				CLANG_WARN_CONSTANT_CONVERSION = YES;
				CLANG_WARN_DEPRECATED_OBJC_IMPLEMENTATIONS = YES;
				CLANG_WARN_DIRECT_OBJC_ISA_USAGE = YES_ERROR;
				CLANG_WARN_DOCUMENTATION_COMMENTS = YES;
				CLANG_WARN_EMPTY_BODY = YES;
				CLANG_WARN_ENUM_CONVERSION = YES;
				CLANG_WARN_INFINITE_RECURSION = YES;
				CLANG_WARN_INT_CONVERSION = YES;
				CLANG_WARN_NON_LITERAL_NULL_CONVERSION = YES;
				CLANG_WARN_OBJC_IMPLICIT_RETAIN_SELF = YES;
				CLANG_WARN_OBJC_LITERAL_CONVERSION = YES;
				CLANG_WARN_OBJC_ROOT_CLASS = YES_ERROR;
				CLANG_WARN_QUOTED_INCLUDE_IN_FRAMEWORK_HEADER = YES;
				CLANG_WARN_RANGE_LOOP_ANALYSIS = YES;
				CLANG_WARN_STRICT_PROTOTYPES = YES;
				CLANG_WARN_SUSPICIOUS_MOVE = YES;
				CLANG_WARN_UNGUARDED_AVAILABILITY = YES_AGGRESSIVE;
				CLANG_WARN_UNREACHABLE_CODE = YES;
				CLANG_WARN__DUPLICATE_METHOD_MATCH = YES;
				COPY_PHASE_STRIP = NO;
				DEBUG_INFORMATION_FORMAT = "dwarf-with-dsym";
				ENABLE_NS_ASSERTIONS = NO;
				ENABLE_STRICT_OBJC_MSGSEND = YES;
				GCC_C_LANGUAGE_STANDARD = gnu11;
				GCC_NO_COMMON_BLOCKS = YES;
				GCC_WARN_64_TO_32_BIT_CONVERSION = YES;
				GCC_WARN_ABOUT_RETURN_TYPE = YES_ERROR;
				GCC_WARN_UNDECLARED_SELECTOR = YES;
				GCC_WARN_UNINITIALIZED_AUTOS = YES_AGGRESSIVE;
				GCC_WARN_UNUSED_FUNCTION = YES;
				GCC_WARN_UNUSED_VARIABLE = YES;
				IPHONEOS_DEPLOYMENT_TARGET = 15.2;
				MTL_ENABLE_DEBUG_INFO = NO;
				MTL_FAST_MATH = YES;
				SDKROOT = iphoneos;
				SWIFT_COMPILATION_MODE = wholemodule;
				SWIFT_OPTIMIZATION_LEVEL = "-O";
				VALIDATE_PRODUCT = YES;
			};
			name = Release;
		};
		4F42511727DE5D1000CF004C /* Debug */ = {
			isa = XCBuildConfiguration;
			buildSettings = {
				ASSETCATALOG_COMPILER_APPICON_NAME = AppIcon;
				ASSETCATALOG_COMPILER_GLOBAL_ACCENT_COLOR_NAME = AccentColor;
				CODE_SIGN_IDENTITY = "Apple Development";
				CODE_SIGN_STYLE = Automatic;
				CURRENT_PROJECT_VERSION = 1;
				DEVELOPMENT_TEAM = 38QG6YVYWC;
				GENERATE_INFOPLIST_FILE = YES;
				INFOPLIST_FILE = SwiftMVVMBoilerplate/Info.plist;
				INFOPLIST_KEY_UIApplicationSupportsIndirectInputEvents = YES;
				INFOPLIST_KEY_UILaunchStoryboardName = LaunchScreen;
				INFOPLIST_KEY_UISupportedInterfaceOrientations_iPad = "UIInterfaceOrientationPortrait UIInterfaceOrientationPortraitUpsideDown UIInterfaceOrientationLandscapeLeft UIInterfaceOrientationLandscapeRight";
				INFOPLIST_KEY_UISupportedInterfaceOrientations_iPhone = "UIInterfaceOrientationPortrait UIInterfaceOrientationLandscapeLeft UIInterfaceOrientationLandscapeRight";
				LD_RUNPATH_SEARCH_PATHS = (
					"$(inherited)",
					"@executable_path/Frameworks",
				);
				MARKETING_VERSION = 1.0;
				PRODUCT_BUNDLE_IDENTIFIER = com.tkb.SwiftMVVMBoilerplate;
				PRODUCT_NAME = "$(TARGET_NAME)";
				PROVISIONING_PROFILE_SPECIFIER = "";
				SWIFT_EMIT_LOC_STRINGS = YES;
				SWIFT_VERSION = 5.0;
				TARGETED_DEVICE_FAMILY = "1,2";
			};
			name = Debug;
		};
		4F42511827DE5D1000CF004C /* Release */ = {
			isa = XCBuildConfiguration;
			buildSettings = {
				ASSETCATALOG_COMPILER_APPICON_NAME = AppIcon;
				ASSETCATALOG_COMPILER_GLOBAL_ACCENT_COLOR_NAME = AccentColor;
				CODE_SIGN_IDENTITY = "Apple Development";
				CODE_SIGN_STYLE = Automatic;
				CURRENT_PROJECT_VERSION = 1;
				DEVELOPMENT_TEAM = 38QG6YVYWC;
				GENERATE_INFOPLIST_FILE = YES;
				INFOPLIST_FILE = SwiftMVVMBoilerplate/Info.plist;
				INFOPLIST_KEY_UIApplicationSupportsIndirectInputEvents = YES;
				INFOPLIST_KEY_UILaunchStoryboardName = LaunchScreen;
				INFOPLIST_KEY_UISupportedInterfaceOrientations_iPad = "UIInterfaceOrientationPortrait UIInterfaceOrientationPortraitUpsideDown UIInterfaceOrientationLandscapeLeft UIInterfaceOrientationLandscapeRight";
				INFOPLIST_KEY_UISupportedInterfaceOrientations_iPhone = "UIInterfaceOrientationPortrait UIInterfaceOrientationLandscapeLeft UIInterfaceOrientationLandscapeRight";
				LD_RUNPATH_SEARCH_PATHS = (
					"$(inherited)",
					"@executable_path/Frameworks",
				);
				MARKETING_VERSION = 1.0;
				PRODUCT_BUNDLE_IDENTIFIER = com.tkb.SwiftMVVMBoilerplate;
				PRODUCT_NAME = "$(TARGET_NAME)";
				PROVISIONING_PROFILE_SPECIFIER = "";
				SWIFT_EMIT_LOC_STRINGS = YES;
				SWIFT_VERSION = 5.0;
				TARGETED_DEVICE_FAMILY = "1,2";
			};
			name = Release;
		};
		4F42511A27DE5D1000CF004C /* Debug */ = {
			isa = XCBuildConfiguration;
			buildSettings = {
				ALWAYS_EMBED_SWIFT_STANDARD_LIBRARIES = YES;
				BUNDLE_LOADER = "$(TEST_HOST)";
				CODE_SIGN_STYLE = Automatic;
				CURRENT_PROJECT_VERSION = 1;
				DEVELOPMENT_TEAM = 38QG6YVYWC;
				GENERATE_INFOPLIST_FILE = YES;
				IPHONEOS_DEPLOYMENT_TARGET = 15.2;
				MARKETING_VERSION = 1.0;
				PRODUCT_BUNDLE_IDENTIFIER = com.tkb.SwiftMVVMBoilerplateTests;
				PRODUCT_NAME = "$(TARGET_NAME)";
				SWIFT_EMIT_LOC_STRINGS = NO;
				SWIFT_VERSION = 5.0;
				TARGETED_DEVICE_FAMILY = "1,2";
				TEST_HOST = "$(BUILT_PRODUCTS_DIR)/SwiftMVVMBoilerplate.app/SwiftMVVMBoilerplate";
			};
			name = Debug;
		};
		4F42511B27DE5D1000CF004C /* Release */ = {
			isa = XCBuildConfiguration;
			buildSettings = {
				ALWAYS_EMBED_SWIFT_STANDARD_LIBRARIES = YES;
				BUNDLE_LOADER = "$(TEST_HOST)";
				CODE_SIGN_STYLE = Automatic;
				CURRENT_PROJECT_VERSION = 1;
				DEVELOPMENT_TEAM = 38QG6YVYWC;
				GENERATE_INFOPLIST_FILE = YES;
				IPHONEOS_DEPLOYMENT_TARGET = 15.2;
				MARKETING_VERSION = 1.0;
				PRODUCT_BUNDLE_IDENTIFIER = com.tkb.SwiftMVVMBoilerplateTests;
				PRODUCT_NAME = "$(TARGET_NAME)";
				SWIFT_EMIT_LOC_STRINGS = NO;
				SWIFT_VERSION = 5.0;
				TARGETED_DEVICE_FAMILY = "1,2";
				TEST_HOST = "$(BUILT_PRODUCTS_DIR)/SwiftMVVMBoilerplate.app/SwiftMVVMBoilerplate";
			};
			name = Release;
		};
		4F42511D27DE5D1000CF004C /* Debug */ = {
			isa = XCBuildConfiguration;
			buildSettings = {
				ALWAYS_EMBED_SWIFT_STANDARD_LIBRARIES = YES;
				CODE_SIGN_STYLE = Automatic;
				CURRENT_PROJECT_VERSION = 1;
				DEVELOPMENT_TEAM = 38QG6YVYWC;
				GENERATE_INFOPLIST_FILE = YES;
				MARKETING_VERSION = 1.0;
				PRODUCT_BUNDLE_IDENTIFIER = com.tkb.SwiftMVVMBoilerplateUITests;
				PRODUCT_NAME = "$(TARGET_NAME)";
				SWIFT_EMIT_LOC_STRINGS = NO;
				SWIFT_VERSION = 5.0;
				TARGETED_DEVICE_FAMILY = "1,2";
				TEST_TARGET_NAME = SwiftMVVMBoilerplate;
			};
			name = Debug;
		};
		4F42511E27DE5D1000CF004C /* Release */ = {
			isa = XCBuildConfiguration;
			buildSettings = {
				ALWAYS_EMBED_SWIFT_STANDARD_LIBRARIES = YES;
				CODE_SIGN_STYLE = Automatic;
				CURRENT_PROJECT_VERSION = 1;
				DEVELOPMENT_TEAM = 38QG6YVYWC;
				GENERATE_INFOPLIST_FILE = YES;
				MARKETING_VERSION = 1.0;
				PRODUCT_BUNDLE_IDENTIFIER = com.tkb.SwiftMVVMBoilerplateUITests;
				PRODUCT_NAME = "$(TARGET_NAME)";
				SWIFT_EMIT_LOC_STRINGS = NO;
				SWIFT_VERSION = 5.0;
				TARGETED_DEVICE_FAMILY = "1,2";
				TEST_TARGET_NAME = SwiftMVVMBoilerplate;
			};
			name = Release;
		};
/* End XCBuildConfiguration section */

/* Begin XCConfigurationList section */
		4F4250E427DE5D0D00CF004C /* Build configuration list for PBXProject "SwiftMVVMBoilerplate" */ = {
			isa = XCConfigurationList;
			buildConfigurations = (
				4F42511427DE5D1000CF004C /* Debug */,
				4F42511527DE5D1000CF004C /* Release */,
			);
			defaultConfigurationIsVisible = 0;
			defaultConfigurationName = Release;
		};
		4F42511627DE5D1000CF004C /* Build configuration list for PBXNativeTarget "SwiftMVVMBoilerplate" */ = {
			isa = XCConfigurationList;
			buildConfigurations = (
				4F42511727DE5D1000CF004C /* Debug */,
				4F42511827DE5D1000CF004C /* Release */,
			);
			defaultConfigurationIsVisible = 0;
			defaultConfigurationName = Release;
		};
		4F42511927DE5D1000CF004C /* Build configuration list for PBXNativeTarget "SwiftMVVMBoilerplateTests" */ = {
			isa = XCConfigurationList;
			buildConfigurations = (
				4F42511A27DE5D1000CF004C /* Debug */,
				4F42511B27DE5D1000CF004C /* Release */,
			);
			defaultConfigurationIsVisible = 0;
			defaultConfigurationName = Release;
		};
		4F42511C27DE5D1000CF004C /* Build configuration list for PBXNativeTarget "SwiftMVVMBoilerplateUITests" */ = {
			isa = XCConfigurationList;
			buildConfigurations = (
				4F42511D27DE5D1000CF004C /* Debug */,
				4F42511E27DE5D1000CF004C /* Release */,
			);
			defaultConfigurationIsVisible = 0;
			defaultConfigurationName = Release;
		};
/* End XCConfigurationList section */

/* Begin XCVersionGroup section */
		4F4250F527DE5D0D00CF004C /* SwiftMVVMBoilerplate.xcdatamodeld */ = {
			isa = XCVersionGroup;
			children = (
				4F4250F627DE5D0D00CF004C /* SwiftMVVMBoilerplate.xcdatamodel */,
			);
			currentVersion = 4F4250F627DE5D0D00CF004C /* SwiftMVVMBoilerplate.xcdatamodel */;
			path = SwiftMVVMBoilerplate.xcdatamodeld;
			sourceTree = "<group>";
			versionGroupType = wrapper.xcdatamodel;
		};
/* End XCVersionGroup section */
	};
	rootObject = 4F4250E127DE5D0D00CF004C /* Project object */;
}
