// !$*UTF8*$!
{
	archiveVersion = 1;
	classes = {
	};
	objectVersion = 55;
	objects = {

/* Begin PBXBuildFile section */
		4F4250ED27DE5D0D00CF004C /* AppDelegate.swift in Sources */ = {isa = PBXBuildFile; fileRef = 4F4250EC27DE5D0D00CF004C /* AppDelegate.swift */; };
		4F4250EF27DE5D0D00CF004C /* SceneDelegate.swift in Sources */ = {isa = PBXBuildFile; fileRef = 4F4250EE27DE5D0D00CF004C /* SceneDelegate.swift */; };
		4F4250F127DE5D0D00CF004C /* ViewController.swift in Sources */ = {isa = PBXBuildFile; fileRef = 4F4250F027DE5D0D00CF004C /* ViewController.swift */; };
		4F4250F427DE5D0D00CF004C /* Main.storyboard in Resources */ = {isa = PBXBuildFile; fileRef = 4F4250F227DE5D0D00CF004C /* Main.storyboard */; };
		4F4250F727DE5D0D00CF004C /* SwiftMVVMBoilerplate.xcdatamodeld in Sources */ = {isa = PBXBuildFile; fileRef = 4F4250F527DE5D0D00CF004C /* SwiftMVVMBoilerplate.xcdatamodeld */; };
		4F4250FC27DE5D0F00CF004C /* LaunchScreen.storyboard in Resources */ = {isa = PBXBuildFile; fileRef = 4F4250FA27DE5D0F00CF004C /* LaunchScreen.storyboard */; };
		4F42510727DE5D1000CF004C /* SwiftMVVMBoilerplateTests.swift in Sources */ = {isa = PBXBuildFile; fileRef = 4F42510627DE5D1000CF004C /* SwiftMVVMBoilerplateTests.swift */; };
		4F42511127DE5D1000CF004C /* SwiftMVVMBoilerplateUITests.swift in Sources */ = {isa = PBXBuildFile; fileRef = 4F42511027DE5D1000CF004C /* SwiftMVVMBoilerplateUITests.swift */; };
		4F42511327DE5D1000CF004C /* SwiftMVVMBoilerplateUITestsLaunchTests.swift in Sources */ = {isa = PBXBuildFile; fileRef = 4F42511227DE5D1000CF004C /* SwiftMVVMBoilerplateUITestsLaunchTests.swift */; };
		4F42512927DE77BE00CF004C /* HomeViewController.swift in Sources */ = {isa = PBXBuildFile; fileRef = 4F42512727DE77BD00CF004C /* HomeViewController.swift */; };
		4F42512A27DE77BE00CF004C /* HomeViewController.xib in Resources */ = {isa = PBXBuildFile; fileRef = 4F42512827DE77BD00CF004C /* HomeViewController.xib */; };
		4F42512D27DF252400CF004C /* HomeUserCell.swift in Sources */ = {isa = PBXBuildFile; fileRef = 4F42512B27DF252400CF004C /* HomeUserCell.swift */; };
		4F42512E27DF252400CF004C /* HomeUserCell.xib in Resources */ = {isa = PBXBuildFile; fileRef = 4F42512C27DF252400CF004C /* HomeUserCell.xib */; };
		4FA52E3A27E5C82100464BC4 /* ExtView.swift in Sources */ = {isa = PBXBuildFile; fileRef = 4FA52E3927E5C82100464BC4 /* ExtView.swift */; };
		4FA52E3D27E5C8AE00464BC4 /* TopTabBaseViewController.swift in Sources */ = {isa = PBXBuildFile; fileRef = 4FA52E3C27E5C8AE00464BC4 /* TopTabBaseViewController.swift */; };
		4FA52E4027E5C8E200464BC4 /* TopTabFirstViewController.swift in Sources */ = {isa = PBXBuildFile; fileRef = 4FA52E3E27E5C8E200464BC4 /* TopTabFirstViewController.swift */; };
		4FA52E4127E5C8E200464BC4 /* TopTabFirstViewController.xib in Resources */ = {isa = PBXBuildFile; fileRef = 4FA52E3F27E5C8E200464BC4 /* TopTabFirstViewController.xib */; };
		4FA52E4427E5C8F400464BC4 /* TopTabSecondViewController.swift in Sources */ = {isa = PBXBuildFile; fileRef = 4FA52E4227E5C8F400464BC4 /* TopTabSecondViewController.swift */; };
		4FA52E4527E5C8F400464BC4 /* TopTabSecondViewController.xib in Resources */ = {isa = PBXBuildFile; fileRef = 4FA52E4327E5C8F400464BC4 /* TopTabSecondViewController.xib */; };
		4FA52E4827E5C90E00464BC4 /* TopTabThirdViewController.swift in Sources */ = {isa = PBXBuildFile; fileRef = 4FA52E4627E5C90E00464BC4 /* TopTabThirdViewController.swift */; };
		4FA52E4927E5C90E00464BC4 /* TopTabThirdViewController.xib in Resources */ = {isa = PBXBuildFile; fileRef = 4FA52E4727E5C90E00464BC4 /* TopTabThirdViewController.xib */; };
		4FA52E4C27E5C92200464BC4 /* TopTabFourthViewController.swift in Sources */ = {isa = PBXBuildFile; fileRef = 4FA52E4A27E5C92200464BC4 /* TopTabFourthViewController.swift */; };
		4FA52E4D27E5C92200464BC4 /* TopTabFourthViewController.xib in Resources */ = {isa = PBXBuildFile; fileRef = 4FA52E4B27E5C92200464BC4 /* TopTabFourthViewController.xib */; };
		4FA52E5027E5CA6900464BC4 /* TopTabBar.swift in Sources */ = {isa = PBXBuildFile; fileRef = 4FA52E4F27E5CA6900464BC4 /* TopTabBar.swift */; };
		4FA52E5227E632B500464BC4 /* ReusableCollectionViewCell.swift in Sources */ = {isa = PBXBuildFile; fileRef = 4FA52E5127E632B500464BC4 /* ReusableCollectionViewCell.swift */; };
		4FCE479C27E66EEE005A8072 /* TopTabItemCell.swift in Sources */ = {isa = PBXBuildFile; fileRef = 4FCE479B27E66EEE005A8072 /* TopTabItemCell.swift */; };
		4FCE47A227E779E7005A8072 /* SideDrawerViewController.swift in Sources */ = {isa = PBXBuildFile; fileRef = 4FCE47A027E779E7005A8072 /* SideDrawerViewController.swift */; };
		4FCE47A327E779E7005A8072 /* SideDrawerViewController.xib in Resources */ = {isa = PBXBuildFile; fileRef = 4FCE47A127E779E7005A8072 /* SideDrawerViewController.xib */; };
		4FCE47A527E8E23A005A8072 /* Assets.xcassets in Resources */ = {isa = PBXBuildFile; fileRef = 4FCE47A427E8E23A005A8072 /* Assets.xcassets */; };
		4FCE47A727E8E42F005A8072 /* SideDrawer.swift in Sources */ = {isa = PBXBuildFile; fileRef = 4FCE47A627E8E42F005A8072 /* SideDrawer.swift */; };
		4FCE47AA27E8F1F9005A8072 /* SideDrawerItemCell.swift in Sources */ = {isa = PBXBuildFile; fileRef = 4FCE47A827E8F1F9005A8072 /* SideDrawerItemCell.swift */; };
		4FCE47AB27E8F1F9005A8072 /* SideDrawerItemCell.xib in Resources */ = {isa = PBXBuildFile; fileRef = 4FCE47A927E8F1F9005A8072 /* SideDrawerItemCell.xib */; };
		4FD3CD3F27DF471300681976 /* ReusableTableViewCell.swift in Sources */ = {isa = PBXBuildFile; fileRef = 4FD3CD3E27DF471300681976 /* ReusableTableViewCell.swift */; };
		4FD3CD4427DF813700681976 /* HomeListViewModel.swift in Sources */ = {isa = PBXBuildFile; fileRef = 4FD3CD4327DF813700681976 /* HomeListViewModel.swift */; };
		4FD3CD4727DF8D7600681976 /* People.swift in Sources */ = {isa = PBXBuildFile; fileRef = 4FD3CD4627DF8D7600681976 /* People.swift */; };
		4FD3CD4A27DFA3EE00681976 /* DataGenerator.swift in Sources */ = {isa = PBXBuildFile; fileRef = 4FD3CD4927DFA3EE00681976 /* DataGenerator.swift */; };
		4FD3CD4C27DFBA0B00681976 /* ActivityIndicator.swift in Sources */ = {isa = PBXBuildFile; fileRef = 4FD3CD4B27DFBA0A00681976 /* ActivityIndicator.swift */; };
		4FD3CD4F27E10BFC00681976 /* Bind.swift in Sources */ = {isa = PBXBuildFile; fileRef = 4FD3CD4E27E10BFC00681976 /* Bind.swift */; };
		4FD3CD5227E25D2400681976 /* ViewModelProtocol.swift in Sources */ = {isa = PBXBuildFile; fileRef = 4FD3CD5127E25D2400681976 /* ViewModelProtocol.swift */; };
		4FD3CD5627E267FA00681976 /* Constants.swift in Sources */ = {isa = PBXBuildFile; fileRef = 4FD3CD5527E267FA00681976 /* Constants.swift */; };
		4FD3CD5B27E3578400681976 /* FirstViewController.swift in Sources */ = {isa = PBXBuildFile; fileRef = 4FD3CD5927E3578400681976 /* FirstViewController.swift */; };
		4FD3CD5C27E3578400681976 /* FirstViewController.xib in Resources */ = {isa = PBXBuildFile; fileRef = 4FD3CD5A27E3578400681976 /* FirstViewController.xib */; };
		4FD3CD5F27E357B200681976 /* SecondViewController.swift in Sources */ = {isa = PBXBuildFile; fileRef = 4FD3CD5D27E357B200681976 /* SecondViewController.swift */; };
		4FD3CD6027E357B200681976 /* SecondViewController.xib in Resources */ = {isa = PBXBuildFile; fileRef = 4FD3CD5E27E357B200681976 /* SecondViewController.xib */; };
		4FD3CD6327E357D500681976 /* ThirdViewController.swift in Sources */ = {isa = PBXBuildFile; fileRef = 4FD3CD6127E357D500681976 /* ThirdViewController.swift */; };
		4FD3CD6427E357D500681976 /* ThirdViewController.xib in Resources */ = {isa = PBXBuildFile; fileRef = 4FD3CD6227E357D500681976 /* ThirdViewController.xib */; };
		4FD3CD6727E357E300681976 /* FourthViewController.swift in Sources */ = {isa = PBXBuildFile; fileRef = 4FD3CD6527E357E300681976 /* FourthViewController.swift */; };
		4FD3CD6827E357E300681976 /* FourthViewController.xib in Resources */ = {isa = PBXBuildFile; fileRef = 4FD3CD6627E357E300681976 /* FourthViewController.xib */; };
		4FD3CD6B27E357F300681976 /* FifthViewController.swift in Sources */ = {isa = PBXBuildFile; fileRef = 4FD3CD6927E357F300681976 /* FifthViewController.swift */; };
		4FD3CD6C27E357F300681976 /* FifthViewController.xib in Resources */ = {isa = PBXBuildFile; fileRef = 4FD3CD6A27E357F300681976 /* FifthViewController.xib */; };
		4FD3CD6E27E358C900681976 /* TabViewController.swift in Sources */ = {isa = PBXBuildFile; fileRef = 4FD3CD6D27E358C900681976 /* TabViewController.swift */; };
		4FD3CD7227E3C1FF00681976 /* ExtUIColor.swift in Sources */ = {isa = PBXBuildFile; fileRef = 4FD3CD7127E3C1FF00681976 /* ExtUIColor.swift */; };
		4FD3CD7427E3C22E00681976 /* ExtUIViewController.swift in Sources */ = {isa = PBXBuildFile; fileRef = 4FD3CD7327E3C22E00681976 /* ExtUIViewController.swift */; };
/* End PBXBuildFile section */

/* Begin PBXContainerItemProxy section */
		4F42510327DE5D1000CF004C /* PBXContainerItemProxy */ = {
			isa = PBXContainerItemProxy;
			containerPortal = 4F4250E127DE5D0D00CF004C /* Project object */;
			proxyType = 1;
			remoteGlobalIDString = 4F4250E827DE5D0D00CF004C;
			remoteInfo = SwiftMVVMBoilerplate;
		};
		4F42510D27DE5D1000CF004C /* PBXContainerItemProxy */ = {
			isa = PBXContainerItemProxy;
			containerPortal = 4F4250E127DE5D0D00CF004C /* Project object */;
			proxyType = 1;
			remoteGlobalIDString = 4F4250E827DE5D0D00CF004C;
			remoteInfo = SwiftMVVMBoilerplate;
		};
/* End PBXContainerItemProxy section */

/* Begin PBXFileReference section */
		4F4250E927DE5D0D00CF004C /* SwiftMVVMBoilerplate.app */ = {isa = PBXFileReference; explicitFileType = wrapper.application; includeInIndex = 0; path = SwiftMVVMBoilerplate.app; sourceTree = BUILT_PRODUCTS_DIR; };
		4F4250EC27DE5D0D00CF004C /* AppDelegate.swift */ = {isa = PBXFileReference; lastKnownFileType = sourcecode.swift; path = AppDelegate.swift; sourceTree = "<group>"; };
		4F4250EE27DE5D0D00CF004C /* SceneDelegate.swift */ = {isa = PBXFileReference; lastKnownFileType = sourcecode.swift; path = SceneDelegate.swift; sourceTree = "<group>"; };
		4F4250F027DE5D0D00CF004C /* ViewController.swift */ = {isa = PBXFileReference; lastKnownFileType = sourcecode.swift; path = ViewController.swift; sourceTree = "<group>"; };
		4F4250F327DE5D0D00CF004C /* Base */ = {isa = PBXFileReference; lastKnownFileType = file.storyboard; name = Base; path = Base.lproj/Main.storyboard; sourceTree = "<group>"; };
		4F4250F627DE5D0D00CF004C /* SwiftMVVMBoilerplate.xcdatamodel */ = {isa = PBXFileReference; lastKnownFileType = wrapper.xcdatamodel; path = SwiftMVVMBoilerplate.xcdatamodel; sourceTree = "<group>"; };
		4F4250FB27DE5D0F00CF004C /* Base */ = {isa = PBXFileReference; lastKnownFileType = file.storyboard; name = Base; path = Base.lproj/LaunchScreen.storyboard; sourceTree = "<group>"; };
		4F4250FD27DE5D0F00CF004C /* Info.plist */ = {isa = PBXFileReference; lastKnownFileType = text.plist.xml; path = Info.plist; sourceTree = "<group>"; };
		4F42510227DE5D1000CF004C /* SwiftMVVMBoilerplateTests.xctest */ = {isa = PBXFileReference; explicitFileType = wrapper.cfbundle; includeInIndex = 0; path = SwiftMVVMBoilerplateTests.xctest; sourceTree = BUILT_PRODUCTS_DIR; };
		4F42510627DE5D1000CF004C /* SwiftMVVMBoilerplateTests.swift */ = {isa = PBXFileReference; lastKnownFileType = sourcecode.swift; path = SwiftMVVMBoilerplateTests.swift; sourceTree = "<group>"; };
		4F42510C27DE5D1000CF004C /* SwiftMVVMBoilerplateUITests.xctest */ = {isa = PBXFileReference; explicitFileType = wrapper.cfbundle; includeInIndex = 0; path = SwiftMVVMBoilerplateUITests.xctest; sourceTree = BUILT_PRODUCTS_DIR; };
		4F42511027DE5D1000CF004C /* SwiftMVVMBoilerplateUITests.swift */ = {isa = PBXFileReference; lastKnownFileType = sourcecode.swift; path = SwiftMVVMBoilerplateUITests.swift; sourceTree = "<group>"; };
		4F42511227DE5D1000CF004C /* SwiftMVVMBoilerplateUITestsLaunchTests.swift */ = {isa = PBXFileReference; lastKnownFileType = sourcecode.swift; path = SwiftMVVMBoilerplateUITestsLaunchTests.swift; sourceTree = "<group>"; };
		4F42512727DE77BD00CF004C /* HomeViewController.swift */ = {isa = PBXFileReference; lastKnownFileType = sourcecode.swift; path = HomeViewController.swift; sourceTree = "<group>"; };
		4F42512827DE77BD00CF004C /* HomeViewController.xib */ = {isa = PBXFileReference; lastKnownFileType = file.xib; path = HomeViewController.xib; sourceTree = "<group>"; };
		4F42512B27DF252400CF004C /* HomeUserCell.swift */ = {isa = PBXFileReference; lastKnownFileType = sourcecode.swift; path = HomeUserCell.swift; sourceTree = "<group>"; };
		4F42512C27DF252400CF004C /* HomeUserCell.xib */ = {isa = PBXFileReference; lastKnownFileType = file.xib; path = HomeUserCell.xib; sourceTree = "<group>"; };
		4FA52E3927E5C82100464BC4 /* ExtView.swift */ = {isa = PBXFileReference; fileEncoding = 4; lastKnownFileType = sourcecode.swift; path = ExtView.swift; sourceTree = "<group>"; };
		4FA52E3C27E5C8AE00464BC4 /* TopTabBaseViewController.swift */ = {isa = PBXFileReference; lastKnownFileType = sourcecode.swift; path = TopTabBaseViewController.swift; sourceTree = "<group>"; };
		4FA52E3E27E5C8E200464BC4 /* TopTabFirstViewController.swift */ = {isa = PBXFileReference; lastKnownFileType = sourcecode.swift; path = TopTabFirstViewController.swift; sourceTree = "<group>"; };
		4FA52E3F27E5C8E200464BC4 /* TopTabFirstViewController.xib */ = {isa = PBXFileReference; lastKnownFileType = file.xib; path = TopTabFirstViewController.xib; sourceTree = "<group>"; };
		4FA52E4227E5C8F400464BC4 /* TopTabSecondViewController.swift */ = {isa = PBXFileReference; lastKnownFileType = sourcecode.swift; path = TopTabSecondViewController.swift; sourceTree = "<group>"; };
		4FA52E4327E5C8F400464BC4 /* TopTabSecondViewController.xib */ = {isa = PBXFileReference; lastKnownFileType = file.xib; path = TopTabSecondViewController.xib; sourceTree = "<group>"; };
		4FA52E4627E5C90E00464BC4 /* TopTabThirdViewController.swift */ = {isa = PBXFileReference; lastKnownFileType = sourcecode.swift; path = TopTabThirdViewController.swift; sourceTree = "<group>"; };
		4FA52E4727E5C90E00464BC4 /* TopTabThirdViewController.xib */ = {isa = PBXFileReference; lastKnownFileType = file.xib; path = TopTabThirdViewController.xib; sourceTree = "<group>"; };
		4FA52E4A27E5C92200464BC4 /* TopTabFourthViewController.swift */ = {isa = PBXFileReference; lastKnownFileType = sourcecode.swift; path = TopTabFourthViewController.swift; sourceTree = "<group>"; };
		4FA52E4B27E5C92200464BC4 /* TopTabFourthViewController.xib */ = {isa = PBXFileReference; lastKnownFileType = file.xib; path = TopTabFourthViewController.xib; sourceTree = "<group>"; };
		4FA52E4F27E5CA6900464BC4 /* TopTabBar.swift */ = {isa = PBXFileReference; fileEncoding = 4; lastKnownFileType = sourcecode.swift; path = TopTabBar.swift; sourceTree = "<group>"; };
		4FA52E5127E632B500464BC4 /* ReusableCollectionViewCell.swift */ = {isa = PBXFileReference; lastKnownFileType = sourcecode.swift; path = ReusableCollectionViewCell.swift; sourceTree = "<group>"; };
		4FCE479B27E66EEE005A8072 /* TopTabItemCell.swift */ = {isa = PBXFileReference; lastKnownFileType = sourcecode.swift; path = TopTabItemCell.swift; sourceTree = "<group>"; };
		4FCE47A027E779E7005A8072 /* SideDrawerViewController.swift */ = {isa = PBXFileReference; lastKnownFileType = sourcecode.swift; path = SideDrawerViewController.swift; sourceTree = "<group>"; };
		4FCE47A127E779E7005A8072 /* SideDrawerViewController.xib */ = {isa = PBXFileReference; lastKnownFileType = file.xib; path = SideDrawerViewController.xib; sourceTree = "<group>"; };
		4FCE47A427E8E23A005A8072 /* Assets.xcassets */ = {isa = PBXFileReference; lastKnownFileType = folder.assetcatalog; path = Assets.xcassets; sourceTree = "<group>"; };
		4FCE47A627E8E42F005A8072 /* SideDrawer.swift */ = {isa = PBXFileReference; lastKnownFileType = sourcecode.swift; path = SideDrawer.swift; sourceTree = "<group>"; };
		4FCE47A827E8F1F9005A8072 /* SideDrawerItemCell.swift */ = {isa = PBXFileReference; lastKnownFileType = sourcecode.swift; path = SideDrawerItemCell.swift; sourceTree = "<group>"; };
		4FCE47A927E8F1F9005A8072 /* SideDrawerItemCell.xib */ = {isa = PBXFileReference; lastKnownFileType = file.xib; path = SideDrawerItemCell.xib; sourceTree = "<group>"; };
		4FD3CD3E27DF471300681976 /* ReusableTableViewCell.swift */ = {isa = PBXFileReference; lastKnownFileType = sourcecode.swift; path = ReusableTableViewCell.swift; sourceTree = "<group>"; };
		4FD3CD4327DF813700681976 /* HomeListViewModel.swift */ = {isa = PBXFileReference; lastKnownFileType = sourcecode.swift; path = HomeListViewModel.swift; sourceTree = "<group>"; };
		4FD3CD4627DF8D7600681976 /* People.swift */ = {isa = PBXFileReference; lastKnownFileType = sourcecode.swift; path = People.swift; sourceTree = "<group>"; };
		4FD3CD4927DFA3EE00681976 /* DataGenerator.swift */ = {isa = PBXFileReference; lastKnownFileType = sourcecode.swift; path = DataGenerator.swift; sourceTree = "<group>"; };
		4FD3CD4B27DFBA0A00681976 /* ActivityIndicator.swift */ = {isa = PBXFileReference; lastKnownFileType = sourcecode.swift; path = ActivityIndicator.swift; sourceTree = "<group>"; };
		4FD3CD4E27E10BFC00681976 /* Bind.swift */ = {isa = PBXFileReference; lastKnownFileType = sourcecode.swift; path = Bind.swift; sourceTree = "<group>"; };
		4FD3CD5127E25D2400681976 /* ViewModelProtocol.swift */ = {isa = PBXFileReference; lastKnownFileType = sourcecode.swift; path = ViewModelProtocol.swift; sourceTree = "<group>"; };
		4FD3CD5527E267FA00681976 /* Constants.swift */ = {isa = PBXFileReference; lastKnownFileType = sourcecode.swift; path = Constants.swift; sourceTree = "<group>"; };
		4FD3CD5927E3578400681976 /* FirstViewController.swift */ = {isa = PBXFileReference; lastKnownFileType = sourcecode.swift; path = FirstViewController.swift; sourceTree = "<group>"; };
		4FD3CD5A27E3578400681976 /* FirstViewController.xib */ = {isa = PBXFileReference; lastKnownFileType = file.xib; path = FirstViewController.xib; sourceTree = "<group>"; };
		4FD3CD5D27E357B200681976 /* SecondViewController.swift */ = {isa = PBXFileReference; lastKnownFileType = sourcecode.swift; path = SecondViewController.swift; sourceTree = "<group>"; };
		4FD3CD5E27E357B200681976 /* SecondViewController.xib */ = {isa = PBXFileReference; lastKnownFileType = file.xib; path = SecondViewController.xib; sourceTree = "<group>"; };
		4FD3CD6127E357D500681976 /* ThirdViewController.swift */ = {isa = PBXFileReference; lastKnownFileType = sourcecode.swift; path = ThirdViewController.swift; sourceTree = "<group>"; };
		4FD3CD6227E357D500681976 /* ThirdViewController.xib */ = {isa = PBXFileReference; lastKnownFileType = file.xib; path = ThirdViewController.xib; sourceTree = "<group>"; };
		4FD3CD6527E357E300681976 /* FourthViewController.swift */ = {isa = PBXFileReference; lastKnownFileType = sourcecode.swift; path = FourthViewController.swift; sourceTree = "<group>"; };
		4FD3CD6627E357E300681976 /* FourthViewController.xib */ = {isa = PBXFileReference; lastKnownFileType = file.xib; path = FourthViewController.xib; sourceTree = "<group>"; };
		4FD3CD6927E357F300681976 /* FifthViewController.swift */ = {isa = PBXFileReference; lastKnownFileType = sourcecode.swift; path = FifthViewController.swift; sourceTree = "<group>"; };
		4FD3CD6A27E357F300681976 /* FifthViewController.xib */ = {isa = PBXFileReference; lastKnownFileType = file.xib; path = FifthViewController.xib; sourceTree = "<group>"; };
		4FD3CD6D27E358C900681976 /* TabViewController.swift */ = {isa = PBXFileReference; lastKnownFileType = sourcecode.swift; path = TabViewController.swift; sourceTree = "<group>"; };
		4FD3CD7127E3C1FF00681976 /* ExtUIColor.swift */ = {isa = PBXFileReference; lastKnownFileType = sourcecode.swift; path = ExtUIColor.swift; sourceTree = "<group>"; };
		4FD3CD7327E3C22E00681976 /* ExtUIViewController.swift */ = {isa = PBXFileReference; lastKnownFileType = sourcecode.swift; path = ExtUIViewController.swift; sourceTree = "<group>"; };
/* End PBXFileReference section */

/* Begin PBXFrameworksBuildPhase section */
		4F4250E627DE5D0D00CF004C /* Frameworks */ = {
			isa = PBXFrameworksBuildPhase;
			buildActionMask = 2147483647;
			files = (
			);
			runOnlyForDeploymentPostprocessing = 0;
		};
		4F4250FF27DE5D1000CF004C /* Frameworks */ = {
			isa = PBXFrameworksBuildPhase;
			buildActionMask = 2147483647;
			files = (
			);
			runOnlyForDeploymentPostprocessing = 0;
		};
		4F42510927DE5D1000CF004C /* Frameworks */ = {
			isa = PBXFrameworksBuildPhase;
			buildActionMask = 2147483647;
			files = (
			);
			runOnlyForDeploymentPostprocessing = 0;
		};
/* End PBXFrameworksBuildPhase section */

/* Begin PBXGroup section */
		4F4250E027DE5D0D00CF004C = {
			isa = PBXGroup;
			children = (
				4F4250EB27DE5D0D00CF004C /* SwiftMVVMBoilerplate */,
				4F42510527DE5D1000CF004C /* SwiftMVVMBoilerplateTests */,
				4F42510F27DE5D1000CF004C /* SwiftMVVMBoilerplateUITests */,
				4F4250EA27DE5D0D00CF004C /* Products */,
			);
			sourceTree = "<group>";
		};
		4F4250EA27DE5D0D00CF004C /* Products */ = {
			isa = PBXGroup;
			children = (
				4F4250E927DE5D0D00CF004C /* SwiftMVVMBoilerplate.app */,
				4F42510227DE5D1000CF004C /* SwiftMVVMBoilerplateTests.xctest */,
				4F42510C27DE5D1000CF004C /* SwiftMVVMBoilerplateUITests.xctest */,
			);
			name = Products;
			sourceTree = "<group>";
		};
		4F4250EB27DE5D0D00CF004C /* SwiftMVVMBoilerplate */ = {
			isa = PBXGroup;
			children = (
				4FD3CD5027E25D0500681976 /* Protocols */,
				4FD3CD4D27E10B8500681976 /* Binding */,
				4FD3CD4827DFA3CE00681976 /* Others */,
				4F42512327DE739800CF004C /* Extensions */,
				4F42511F27DE733100CF004C /* Modules */,
				4F4250EC27DE5D0D00CF004C /* AppDelegate.swift */,
				4F4250EE27DE5D0D00CF004C /* SceneDelegate.swift */,
				4F4250F027DE5D0D00CF004C /* ViewController.swift */,
				4FCE47A427E8E23A005A8072 /* Assets.xcassets */,
				4F4250F227DE5D0D00CF004C /* Main.storyboard */,
				4F4250FA27DE5D0F00CF004C /* LaunchScreen.storyboard */,
				4F4250FD27DE5D0F00CF004C /* Info.plist */,
				4F4250F527DE5D0D00CF004C /* SwiftMVVMBoilerplate.xcdatamodeld */,
			);
			path = SwiftMVVMBoilerplate;
			sourceTree = "<group>";
		};
		4F42510527DE5D1000CF004C /* SwiftMVVMBoilerplateTests */ = {
			isa = PBXGroup;
			children = (
				4F42510627DE5D1000CF004C /* SwiftMVVMBoilerplateTests.swift */,
			);
			path = SwiftMVVMBoilerplateTests;
			sourceTree = "<group>";
		};
		4F42510F27DE5D1000CF004C /* SwiftMVVMBoilerplateUITests */ = {
			isa = PBXGroup;
			children = (
				4F42511027DE5D1000CF004C /* SwiftMVVMBoilerplateUITests.swift */,
				4F42511227DE5D1000CF004C /* SwiftMVVMBoilerplateUITestsLaunchTests.swift */,
			);
			path = SwiftMVVMBoilerplateUITests;
			sourceTree = "<group>";
		};
		4F42511F27DE733100CF004C /* Modules */ = {
			isa = PBXGroup;
			children = (
				4F42512227DE736C00CF004C /* Models */,
				4F42512127DE736400CF004C /* Views */,
				4F42512027DE734000CF004C /* ViewModels */,
			);
			path = Modules;
			sourceTree = "<group>";
		};
		4F42512027DE734000CF004C /* ViewModels */ = {
			isa = PBXGroup;
			children = (
				4FD3CD4027DF80F200681976 /* Home */,
			);
			path = ViewModels;
			sourceTree = "<group>";
		};
		4F42512127DE736400CF004C /* Views */ = {
			isa = PBXGroup;
			children = (
				4FCE479D27E77990005A8072 /* NavigationDrawer */,
				4FA52E3B27E5C87D00464BC4 /* TopTabBar */,
				4FD3CD5727E356FC00681976 /* BottomTabBar */,
				4F42512427DE749A00CF004C /* Home */,
			);
			path = Views;
			sourceTree = "<group>";
		};
		4F42512227DE736C00CF004C /* Models */ = {
			isa = PBXGroup;
			children = (
				4FD3CD4527DF8D4200681976 /* Home */,
			);
			path = Models;
			sourceTree = "<group>";
		};
		4F42512327DE739800CF004C /* Extensions */ = {
			isa = PBXGroup;
			children = (
				4FD3CD7027E3C1E000681976 /* Utilities */,
				4FD3CD6F27E3C1D500681976 /* Views */,
			);
			path = Extensions;
			sourceTree = "<group>";
		};
		4F42512427DE749A00CF004C /* Home */ = {
			isa = PBXGroup;
			children = (
				4F42512627DE757800CF004C /* Cell */,
				4F42512527DE756F00CF004C /* Controller */,
			);
			path = Home;
			sourceTree = "<group>";
		};
		4F42512527DE756F00CF004C /* Controller */ = {
			isa = PBXGroup;
			children = (
				4F42512727DE77BD00CF004C /* HomeViewController.swift */,
				4F42512827DE77BD00CF004C /* HomeViewController.xib */,
			);
			path = Controller;
			sourceTree = "<group>";
		};
		4F42512627DE757800CF004C /* Cell */ = {
			isa = PBXGroup;
			children = (
				4F42512B27DF252400CF004C /* HomeUserCell.swift */,
				4F42512C27DF252400CF004C /* HomeUserCell.xib */,
			);
			path = Cell;
			sourceTree = "<group>";
		};
		4FA52E3B27E5C87D00464BC4 /* TopTabBar */ = {
			isa = PBXGroup;
			children = (
				4FA52E3C27E5C8AE00464BC4 /* TopTabBaseViewController.swift */,
				4FA52E3E27E5C8E200464BC4 /* TopTabFirstViewController.swift */,
				4FA52E3F27E5C8E200464BC4 /* TopTabFirstViewController.xib */,
				4FA52E4227E5C8F400464BC4 /* TopTabSecondViewController.swift */,
				4FA52E4327E5C8F400464BC4 /* TopTabSecondViewController.xib */,
				4FA52E4627E5C90E00464BC4 /* TopTabThirdViewController.swift */,
				4FA52E4727E5C90E00464BC4 /* TopTabThirdViewController.xib */,
				4FA52E4A27E5C92200464BC4 /* TopTabFourthViewController.swift */,
				4FA52E4B27E5C92200464BC4 /* TopTabFourthViewController.xib */,
			);
			path = TopTabBar;
			sourceTree = "<group>";
		};
		4FA52E4E27E5CA5D00464BC4 /* View */ = {
			isa = PBXGroup;
			children = (
				4FA52E4F27E5CA6900464BC4 /* TopTabBar.swift */,
				4FCE479B27E66EEE005A8072 /* TopTabItemCell.swift */,
			);
			path = View;
			sourceTree = "<group>";
		};
		4FCE479D27E77990005A8072 /* NavigationDrawer */ = {
			isa = PBXGroup;
			children = (
				4FCE47A027E779E7005A8072 /* SideDrawerViewController.swift */,
				4FCE47A127E779E7005A8072 /* SideDrawerViewController.xib */,
				4FCE47A627E8E42F005A8072 /* SideDrawer.swift */,
				4FCE47A827E8F1F9005A8072 /* SideDrawerItemCell.swift */,
				4FCE47A927E8F1F9005A8072 /* SideDrawerItemCell.xib */,
			);
			path = NavigationDrawer;
			sourceTree = "<group>";
		};
		4FD3CD4027DF80F200681976 /* Home */ = {
			isa = PBXGroup;
			children = (
				4FD3CD4227DF811500681976 /* VMController */,
				4FD3CD4127DF80F800681976 /* VMCell */,
			);
			path = Home;
			sourceTree = "<group>";
		};
		4FD3CD4127DF80F800681976 /* VMCell */ = {
			isa = PBXGroup;
			children = (
			);
			path = VMCell;
			sourceTree = "<group>";
		};
		4FD3CD4227DF811500681976 /* VMController */ = {
			isa = PBXGroup;
			children = (
				4FD3CD4327DF813700681976 /* HomeListViewModel.swift */,
			);
			path = VMController;
			sourceTree = "<group>";
		};
		4FD3CD4527DF8D4200681976 /* Home */ = {
			isa = PBXGroup;
			children = (
				4FD3CD4627DF8D7600681976 /* People.swift */,
			);
			path = Home;
			sourceTree = "<group>";
		};
		4FD3CD4827DFA3CE00681976 /* Others */ = {
			isa = PBXGroup;
			children = (
				4FA52E4E27E5CA5D00464BC4 /* View */,
				4FD3CD4927DFA3EE00681976 /* DataGenerator.swift */,
				4FD3CD4B27DFBA0A00681976 /* ActivityIndicator.swift */,
				4FD3CD5527E267FA00681976 /* Constants.swift */,
			);
			path = Others;
			sourceTree = "<group>";
		};
		4FD3CD4D27E10B8500681976 /* Binding */ = {
			isa = PBXGroup;
			children = (
				4FD3CD4E27E10BFC00681976 /* Bind.swift */,
			);
			path = Binding;
			sourceTree = "<group>";
		};
		4FD3CD5027E25D0500681976 /* Protocols */ = {
			isa = PBXGroup;
			children = (
				4FD3CD5127E25D2400681976 /* ViewModelProtocol.swift */,
			);
			path = Protocols;
			sourceTree = "<group>";
		};
		4FD3CD5727E356FC00681976 /* BottomTabBar */ = {
			isa = PBXGroup;
			children = (
				4FD3CD5827E3571D00681976 /* Controllers */,
			);
			path = BottomTabBar;
			sourceTree = "<group>";
		};
		4FD3CD5827E3571D00681976 /* Controllers */ = {
			isa = PBXGroup;
			children = (
				4FD3CD5927E3578400681976 /* FirstViewController.swift */,
				4FD3CD5A27E3578400681976 /* FirstViewController.xib */,
				4FD3CD5D27E357B200681976 /* SecondViewController.swift */,
				4FD3CD5E27E357B200681976 /* SecondViewController.xib */,
				4FD3CD6127E357D500681976 /* ThirdViewController.swift */,
				4FD3CD6227E357D500681976 /* ThirdViewController.xib */,
				4FD3CD6527E357E300681976 /* FourthViewController.swift */,
				4FD3CD6627E357E300681976 /* FourthViewController.xib */,
				4FD3CD6927E357F300681976 /* FifthViewController.swift */,
				4FD3CD6A27E357F300681976 /* FifthViewController.xib */,
				4FD3CD6D27E358C900681976 /* TabViewController.swift */,
			);
			path = Controllers;
			sourceTree = "<group>";
		};
		4FD3CD6F27E3C1D500681976 /* Views */ = {
			isa = PBXGroup;
			children = (
				4FD3CD3E27DF471300681976 /* ReusableTableViewCell.swift */,
				4FD3CD7327E3C22E00681976 /* ExtUIViewController.swift */,
				4FA52E3927E5C82100464BC4 /* ExtView.swift */,
				4FA52E5127E632B500464BC4 /* ReusableCollectionViewCell.swift */,
			);
			path = Views;
			sourceTree = "<group>";
		};
		4FD3CD7027E3C1E000681976 /* Utilities */ = {
			isa = PBXGroup;
			children = (
				4FD3CD7127E3C1FF00681976 /* ExtUIColor.swift */,
			);
			path = Utilities;
			sourceTree = "<group>";
		};
/* End PBXGroup section */

/* Begin PBXNativeTarget section */
		4F4250E827DE5D0D00CF004C /* SwiftMVVMBoilerplate */ = {
			isa = PBXNativeTarget;
			buildConfigurationList = 4F42511627DE5D1000CF004C /* Build configuration list for PBXNativeTarget "SwiftMVVMBoilerplate" */;
			buildPhases = (
				4F4250E527DE5D0D00CF004C /* Sources */,
				4F4250E627DE5D0D00CF004C /* Frameworks */,
				4F4250E727DE5D0D00CF004C /* Resources */,
			);
			buildRules = (
			);
			dependencies = (
			);
			name = SwiftMVVMBoilerplate;
			productName = SwiftMVVMBoilerplate;
			productReference = 4F4250E927DE5D0D00CF004C /* SwiftMVVMBoilerplate.app */;
			productType = "com.apple.product-type.application";
		};
		4F42510127DE5D1000CF004C /* SwiftMVVMBoilerplateTests */ = {
			isa = PBXNativeTarget;
			buildConfigurationList = 4F42511927DE5D1000CF004C /* Build configuration list for PBXNativeTarget "SwiftMVVMBoilerplateTests" */;
			buildPhases = (
				4F4250FE27DE5D1000CF004C /* Sources */,
				4F4250FF27DE5D1000CF004C /* Frameworks */,
				4F42510027DE5D1000CF004C /* Resources */,
			);
			buildRules = (
			);
			dependencies = (
				4F42510427DE5D1000CF004C /* PBXTargetDependency */,
			);
			name = SwiftMVVMBoilerplateTests;
			productName = SwiftMVVMBoilerplateTests;
			productReference = 4F42510227DE5D1000CF004C /* SwiftMVVMBoilerplateTests.xctest */;
			productType = "com.apple.product-type.bundle.unit-test";
		};
		4F42510B27DE5D1000CF004C /* SwiftMVVMBoilerplateUITests */ = {
			isa = PBXNativeTarget;
			buildConfigurationList = 4F42511C27DE5D1000CF004C /* Build configuration list for PBXNativeTarget "SwiftMVVMBoilerplateUITests" */;
			buildPhases = (
				4F42510827DE5D1000CF004C /* Sources */,
				4F42510927DE5D1000CF004C /* Frameworks */,
				4F42510A27DE5D1000CF004C /* Resources */,
			);
			buildRules = (
			);
			dependencies = (
				4F42510E27DE5D1000CF004C /* PBXTargetDependency */,
			);
			name = SwiftMVVMBoilerplateUITests;
			productName = SwiftMVVMBoilerplateUITests;
			productReference = 4F42510C27DE5D1000CF004C /* SwiftMVVMBoilerplateUITests.xctest */;
			productType = "com.apple.product-type.bundle.ui-testing";
		};
/* End PBXNativeTarget section */

/* Begin PBXProject section */
		4F4250E127DE5D0D00CF004C /* Project object */ = {
			isa = PBXProject;
			attributes = {
				BuildIndependentTargetsInParallel = 1;
				LastSwiftUpdateCheck = 1320;
				LastUpgradeCheck = 1320;
				TargetAttributes = {
					4F4250E827DE5D0D00CF004C = {
						CreatedOnToolsVersion = 13.2;
					};
					4F42510127DE5D1000CF004C = {
						CreatedOnToolsVersion = 13.2;
						TestTargetID = 4F4250E827DE5D0D00CF004C;
					};
					4F42510B27DE5D1000CF004C = {
						CreatedOnToolsVersion = 13.2;
						TestTargetID = 4F4250E827DE5D0D00CF004C;
					};
				};
			};
			buildConfigurationList = 4F4250E427DE5D0D00CF004C /* Build configuration list for PBXProject "SwiftMVVMBoilerplate" */;
			compatibilityVersion = "Xcode 13.0";
			developmentRegion = en;
			hasScannedForEncodings = 0;
			knownRegions = (
				en,
				Base,
			);
			mainGroup = 4F4250E027DE5D0D00CF004C;
			productRefGroup = 4F4250EA27DE5D0D00CF004C /* Products */;
			projectDirPath = "";
			projectRoot = "";
			targets = (
				4F4250E827DE5D0D00CF004C /* SwiftMVVMBoilerplate */,
				4F42510127DE5D1000CF004C /* SwiftMVVMBoilerplateTests */,
				4F42510B27DE5D1000CF004C /* SwiftMVVMBoilerplateUITests */,
			);
		};
/* End PBXProject section */

/* Begin PBXResourcesBuildPhase section */
		4F4250E727DE5D0D00CF004C /* Resources */ = {
			isa = PBXResourcesBuildPhase;
			buildActionMask = 2147483647;
			files = (
				4FCE47AB27E8F1F9005A8072 /* SideDrawerItemCell.xib in Resources */,
				4FA52E4527E5C8F400464BC4 /* TopTabSecondViewController.xib in Resources */,
				4FA52E4927E5C90E00464BC4 /* TopTabThirdViewController.xib in Resources */,
				4FD3CD6C27E357F300681976 /* FifthViewController.xib in Resources */,
				4F4250FC27DE5D0F00CF004C /* LaunchScreen.storyboard in Resources */,
				4FCE47A527E8E23A005A8072 /* Assets.xcassets in Resources */,
				4FCE47A327E779E7005A8072 /* SideDrawerViewController.xib in Resources */,
				4FA52E4D27E5C92200464BC4 /* TopTabFourthViewController.xib in Resources */,
				4FD3CD6027E357B200681976 /* SecondViewController.xib in Resources */,
				4FD3CD6427E357D500681976 /* ThirdViewController.xib in Resources */,
				4FD3CD5C27E3578400681976 /* FirstViewController.xib in Resources */,
				4F4250F427DE5D0D00CF004C /* Main.storyboard in Resources */,
				4F42512E27DF252400CF004C /* HomeUserCell.xib in Resources */,
				4FD3CD6827E357E300681976 /* FourthViewController.xib in Resources */,
				4FA52E4127E5C8E200464BC4 /* TopTabFirstViewController.xib in Resources */,
				4F42512A27DE77BE00CF004C /* HomeViewController.xib in Resources */,
			);
			runOnlyForDeploymentPostprocessing = 0;
		};
		4F42510027DE5D1000CF004C /* Resources */ = {
			isa = PBXResourcesBuildPhase;
			buildActionMask = 2147483647;
			files = (
			);
			runOnlyForDeploymentPostprocessing = 0;
		};
		4F42510A27DE5D1000CF004C /* Resources */ = {
			isa = PBXResourcesBuildPhase;
			buildActionMask = 2147483647;
			files = (
			);
			runOnlyForDeploymentPostprocessing = 0;
		};
/* End PBXResourcesBuildPhase section */

/* Begin PBXSourcesBuildPhase section */
		4F4250E527DE5D0D00CF004C /* Sources */ = {
			isa = PBXSourcesBuildPhase;
			buildActionMask = 2147483647;
			files = (
				4FD3CD6327E357D500681976 /* ThirdViewController.swift in Sources */,
				4FA52E5027E5CA6900464BC4 /* TopTabBar.swift in Sources */,
				4FCE47A727E8E42F005A8072 /* SideDrawer.swift in Sources */,
				4FCE47A227E779E7005A8072 /* SideDrawerViewController.swift in Sources */,
				4FD3CD5F27E357B200681976 /* SecondViewController.swift in Sources */,
				4FD3CD5B27E3578400681976 /* FirstViewController.swift in Sources */,
				4F42512927DE77BE00CF004C /* HomeViewController.swift in Sources */,
				4F42512D27DF252400CF004C /* HomeUserCell.swift in Sources */,
				4F4250F127DE5D0D00CF004C /* ViewController.swift in Sources */,
				4FD3CD4427DF813700681976 /* HomeListViewModel.swift in Sources */,
				4FD3CD6B27E357F300681976 /* FifthViewController.swift in Sources */,
				4FD3CD6E27E358C900681976 /* TabViewController.swift in Sources */,
				4FD3CD5227E25D2400681976 /* ViewModelProtocol.swift in Sources */,
				4FD3CD4727DF8D7600681976 /* People.swift in Sources */,
				4FD3CD7427E3C22E00681976 /* ExtUIViewController.swift in Sources */,
				4FD3CD4C27DFBA0B00681976 /* ActivityIndicator.swift in Sources */,
				4FA52E3D27E5C8AE00464BC4 /* TopTabBaseViewController.swift in Sources */,
				4F4250F727DE5D0D00CF004C /* SwiftMVVMBoilerplate.xcdatamodeld in Sources */,
				4FA52E4827E5C90E00464BC4 /* TopTabThirdViewController.swift in Sources */,
				4FA52E4027E5C8E200464BC4 /* TopTabFirstViewController.swift in Sources */,
				4F4250ED27DE5D0D00CF004C /* AppDelegate.swift in Sources */,
				4FD3CD6727E357E300681976 /* FourthViewController.swift in Sources */,
				4FCE47AA27E8F1F9005A8072 /* SideDrawerItemCell.swift in Sources */,
				4FD3CD3F27DF471300681976 /* ReusableTableViewCell.swift in Sources */,
				4FCE479C27E66EEE005A8072 /* TopTabItemCell.swift in Sources */,
				4FA52E4C27E5C92200464BC4 /* TopTabFourthViewController.swift in Sources */,
				4F4250EF27DE5D0D00CF004C /* SceneDelegate.swift in Sources */,
				4FA52E4427E5C8F400464BC4 /* TopTabSecondViewController.swift in Sources */,
				4FA52E5227E632B500464BC4 /* ReusableCollectionViewCell.swift in Sources */,
				4FD3CD7227E3C1FF00681976 /* ExtUIColor.swift in Sources */,
				4FA52E3A27E5C82100464BC4 /* ExtView.swift in Sources */,
				4FD3CD5627E267FA00681976 /* Constants.swift in Sources */,
				4FD3CD4F27E10BFC00681976 /* Bind.swift in Sources */,
				4FD3CD4A27DFA3EE00681976 /* DataGenerator.swift in Sources */,
			);
			runOnlyForDeploymentPostprocessing = 0;
		};
		4F4250FE27DE5D1000CF004C /* Sources */ = {
			isa = PBXSourcesBuildPhase;
			buildActionMask = 2147483647;
			files = (
				4F42510727DE5D1000CF004C /* SwiftMVVMBoilerplateTests.swift in Sources */,
			);
			runOnlyForDeploymentPostprocessing = 0;
		};
		4F42510827DE5D1000CF004C /* Sources */ = {
			isa = PBXSourcesBuildPhase;
			buildActionMask = 2147483647;
			files = (
				4F42511327DE5D1000CF004C /* SwiftMVVMBoilerplateUITestsLaunchTests.swift in Sources */,
				4F42511127DE5D1000CF004C /* SwiftMVVMBoilerplateUITests.swift in Sources */,
			);
			runOnlyForDeploymentPostprocessing = 0;
		};
/* End PBXSourcesBuildPhase section */

/* Begin PBXTargetDependency section */
		4F42510427DE5D1000CF004C /* PBXTargetDependency */ = {
			isa = PBXTargetDependency;
			target = 4F4250E827DE5D0D00CF004C /* SwiftMVVMBoilerplate */;
			targetProxy = 4F42510327DE5D1000CF004C /* PBXContainerItemProxy */;
		};
		4F42510E27DE5D1000CF004C /* PBXTargetDependency */ = {
			isa = PBXTargetDependency;
			target = 4F4250E827DE5D0D00CF004C /* SwiftMVVMBoilerplate */;
			targetProxy = 4F42510D27DE5D1000CF004C /* PBXContainerItemProxy */;
		};
/* End PBXTargetDependency section */

/* Begin PBXVariantGroup section */
		4F4250F227DE5D0D00CF004C /* Main.storyboard */ = {
			isa = PBXVariantGroup;
			children = (
				4F4250F327DE5D0D00CF004C /* Base */,
			);
			name = Main.storyboard;
			sourceTree = "<group>";
		};
		4F4250FA27DE5D0F00CF004C /* LaunchScreen.storyboard */ = {
			isa = PBXVariantGroup;
			children = (
				4F4250FB27DE5D0F00CF004C /* Base */,
			);
			name = LaunchScreen.storyboard;
			sourceTree = "<group>";
		};
/* End PBXVariantGroup section */

/* Begin XCBuildConfiguration section */
		4F42511427DE5D1000CF004C /* Debug */ = {
			isa = XCBuildConfiguration;
			buildSettings = {
				ALWAYS_SEARCH_USER_PATHS = NO;
				CLANG_ANALYZER_NONNULL = YES;
				CLANG_ANALYZER_NUMBER_OBJECT_CONVERSION = YES_AGGRESSIVE;
				CLANG_CXX_LANGUAGE_STANDARD = "gnu++17";
				CLANG_CXX_LIBRARY = "libc++";
				CLANG_ENABLE_MODULES = YES;
				CLANG_ENABLE_OBJC_ARC = YES;
				CLANG_ENABLE_OBJC_WEAK = YES;
				CLANG_WARN_BLOCK_CAPTURE_AUTORELEASING = YES;
				CLANG_WARN_BOOL_CONVERSION = YES;
				CLANG_WARN_COMMA = YES;
				CLANG_WARN_CONSTANT_CONVERSION = YES;
				CLANG_WARN_DEPRECATED_OBJC_IMPLEMENTATIONS = YES;
				CLANG_WARN_DIRECT_OBJC_ISA_USAGE = YES_ERROR;
				CLANG_WARN_DOCUMENTATION_COMMENTS = YES;
				CLANG_WARN_EMPTY_BODY = YES;
				CLANG_WARN_ENUM_CONVERSION = YES;
				CLANG_WARN_INFINITE_RECURSION = YES;
				CLANG_WARN_INT_CONVERSION = YES;
				CLANG_WARN_NON_LITERAL_NULL_CONVERSION = YES;
				CLANG_WARN_OBJC_IMPLICIT_RETAIN_SELF = YES;
				CLANG_WARN_OBJC_LITERAL_CONVERSION = YES;
				CLANG_WARN_OBJC_ROOT_CLASS = YES_ERROR;
				CLANG_WARN_QUOTED_INCLUDE_IN_FRAMEWORK_HEADER = YES;
				CLANG_WARN_RANGE_LOOP_ANALYSIS = YES;
				CLANG_WARN_STRICT_PROTOTYPES = YES;
				CLANG_WARN_SUSPICIOUS_MOVE = YES;
				CLANG_WARN_UNGUARDED_AVAILABILITY = YES_AGGRESSIVE;
				CLANG_WARN_UNREACHABLE_CODE = YES;
				CLANG_WARN__DUPLICATE_METHOD_MATCH = YES;
				COPY_PHASE_STRIP = NO;
				DEBUG_INFORMATION_FORMAT = dwarf;
				ENABLE_STRICT_OBJC_MSGSEND = YES;
				ENABLE_TESTABILITY = YES;
				GCC_C_LANGUAGE_STANDARD = gnu11;
				GCC_DYNAMIC_NO_PIC = NO;
				GCC_NO_COMMON_BLOCKS = YES;
				GCC_OPTIMIZATION_LEVEL = 0;
				GCC_PREPROCESSOR_DEFINITIONS = (
					"DEBUG=1",
					"$(inherited)",
				);
				GCC_WARN_64_TO_32_BIT_CONVERSION = YES;
				GCC_WARN_ABOUT_RETURN_TYPE = YES_ERROR;
				GCC_WARN_UNDECLARED_SELECTOR = YES;
				GCC_WARN_UNINITIALIZED_AUTOS = YES_AGGRESSIVE;
				GCC_WARN_UNUSED_FUNCTION = YES;
				GCC_WARN_UNUSED_VARIABLE = YES;
				IPHONEOS_DEPLOYMENT_TARGET = 15.2;
				MTL_ENABLE_DEBUG_INFO = INCLUDE_SOURCE;
				MTL_FAST_MATH = YES;
				ONLY_ACTIVE_ARCH = YES;
				SDKROOT = iphoneos;
				SWIFT_ACTIVE_COMPILATION_CONDITIONS = DEBUG;
				SWIFT_OPTIMIZATION_LEVEL = "-Onone";
			};
			name = Debug;
		};
		4F42511527DE5D1000CF004C /* Release */ = {
			isa = XCBuildConfiguration;
			buildSettings = {
				ALWAYS_SEARCH_USER_PATHS = NO;
				CLANG_ANALYZER_NONNULL = YES;
				CLANG_ANALYZER_NUMBER_OBJECT_CONVERSION = YES_AGGRESSIVE;
				CLANG_CXX_LANGUAGE_STANDARD = "gnu++17";
				CLANG_CXX_LIBRARY = "libc++";
				CLANG_ENABLE_MODULES = YES;
				CLANG_ENABLE_OBJC_ARC = YES;
				CLANG_ENABLE_OBJC_WEAK = YES;
				CLANG_WARN_BLOCK_CAPTURE_AUTORELEASING = YES;
				CLANG_WARN_BOOL_CONVERSION = YES;
				CLANG_WARN_COMMA = YES;
				CLANG_WARN_CONSTANT_CONVERSION = YES;
				CLANG_WARN_DEPRECATED_OBJC_IMPLEMENTATIONS = YES;
				CLANG_WARN_DIRECT_OBJC_ISA_USAGE = YES_ERROR;
				CLANG_WARN_DOCUMENTATION_COMMENTS = YES;
				CLANG_WARN_EMPTY_BODY = YES;
				CLANG_WARN_ENUM_CONVERSION = YES;
				CLANG_WARN_INFINITE_RECURSION = YES;
				CLANG_WARN_INT_CONVERSION = YES;
				CLANG_WARN_NON_LITERAL_NULL_CONVERSION = YES;
				CLANG_WARN_OBJC_IMPLICIT_RETAIN_SELF = YES;
				CLANG_WARN_OBJC_LITERAL_CONVERSION = YES;
				CLANG_WARN_OBJC_ROOT_CLASS = YES_ERROR;
				CLANG_WARN_QUOTED_INCLUDE_IN_FRAMEWORK_HEADER = YES;
				CLANG_WARN_RANGE_LOOP_ANALYSIS = YES;
				CLANG_WARN_STRICT_PROTOTYPES = YES;
				CLANG_WARN_SUSPICIOUS_MOVE = YES;
				CLANG_WARN_UNGUARDED_AVAILABILITY = YES_AGGRESSIVE;
				CLANG_WARN_UNREACHABLE_CODE = YES;
				CLANG_WARN__DUPLICATE_METHOD_MATCH = YES;
				COPY_PHASE_STRIP = NO;
				DEBUG_INFORMATION_FORMAT = "dwarf-with-dsym";
				ENABLE_NS_ASSERTIONS = NO;
				ENABLE_STRICT_OBJC_MSGSEND = YES;
				GCC_C_LANGUAGE_STANDARD = gnu11;
				GCC_NO_COMMON_BLOCKS = YES;
				GCC_WARN_64_TO_32_BIT_CONVERSION = YES;
				GCC_WARN_ABOUT_RETURN_TYPE = YES_ERROR;
				GCC_WARN_UNDECLARED_SELECTOR = YES;
				GCC_WARN_UNINITIALIZED_AUTOS = YES_AGGRESSIVE;
				GCC_WARN_UNUSED_FUNCTION = YES;
				GCC_WARN_UNUSED_VARIABLE = YES;
				IPHONEOS_DEPLOYMENT_TARGET = 15.2;
				MTL_ENABLE_DEBUG_INFO = NO;
				MTL_FAST_MATH = YES;
				SDKROOT = iphoneos;
				SWIFT_COMPILATION_MODE = wholemodule;
				SWIFT_OPTIMIZATION_LEVEL = "-O";
				VALIDATE_PRODUCT = YES;
			};
			name = Release;
		};
		4F42511727DE5D1000CF004C /* Debug */ = {
			isa = XCBuildConfiguration;
			buildSettings = {
				ASSETCATALOG_COMPILER_APPICON_NAME = AppIcon;
				ASSETCATALOG_COMPILER_GLOBAL_ACCENT_COLOR_NAME = AccentColor;
				CODE_SIGN_IDENTITY = "Apple Development";
				CODE_SIGN_STYLE = Automatic;
				CURRENT_PROJECT_VERSION = 1;
				DEVELOPMENT_TEAM = 38QG6YVYWC;
				GENERATE_INFOPLIST_FILE = YES;
				INFOPLIST_FILE = SwiftMVVMBoilerplate/Info.plist;
				INFOPLIST_KEY_UIApplicationSupportsIndirectInputEvents = YES;
				INFOPLIST_KEY_UILaunchStoryboardName = LaunchScreen;
				INFOPLIST_KEY_UISupportedInterfaceOrientations_iPad = "UIInterfaceOrientationPortrait UIInterfaceOrientationPortraitUpsideDown UIInterfaceOrientationLandscapeLeft UIInterfaceOrientationLandscapeRight";
				INFOPLIST_KEY_UISupportedInterfaceOrientations_iPhone = "UIInterfaceOrientationPortrait UIInterfaceOrientationLandscapeLeft UIInterfaceOrientationLandscapeRight";
				IPHONEOS_DEPLOYMENT_TARGET = 13.0;
				LD_RUNPATH_SEARCH_PATHS = (
					"$(inherited)",
					"@executable_path/Frameworks",
				);
				MARKETING_VERSION = 1.0;
				PRODUCT_BUNDLE_IDENTIFIER = com.tkb.SwiftMVVMBoilerplate;
				PRODUCT_NAME = "$(TARGET_NAME)";
				PROVISIONING_PROFILE_SPECIFIER = "";
				SWIFT_EMIT_LOC_STRINGS = YES;
				SWIFT_VERSION = 5.0;
				TARGETED_DEVICE_FAMILY = "1,2";
			};
			name = Debug;
		};
		4F42511827DE5D1000CF004C /* Release */ = {
			isa = XCBuildConfiguration;
			buildSettings = {
				ASSETCATALOG_COMPILER_APPICON_NAME = AppIcon;
				ASSETCATALOG_COMPILER_GLOBAL_ACCENT_COLOR_NAME = AccentColor;
				CODE_SIGN_IDENTITY = "Apple Development";
				CODE_SIGN_STYLE = Automatic;
				CURRENT_PROJECT_VERSION = 1;
				DEVELOPMENT_TEAM = 38QG6YVYWC;
				GENERATE_INFOPLIST_FILE = YES;
				INFOPLIST_FILE = SwiftMVVMBoilerplate/Info.plist;
				INFOPLIST_KEY_UIApplicationSupportsIndirectInputEvents = YES;
				INFOPLIST_KEY_UILaunchStoryboardName = LaunchScreen;
				INFOPLIST_KEY_UISupportedInterfaceOrientations_iPad = "UIInterfaceOrientationPortrait UIInterfaceOrientationPortraitUpsideDown UIInterfaceOrientationLandscapeLeft UIInterfaceOrientationLandscapeRight";
				INFOPLIST_KEY_UISupportedInterfaceOrientations_iPhone = "UIInterfaceOrientationPortrait UIInterfaceOrientationLandscapeLeft UIInterfaceOrientationLandscapeRight";
				IPHONEOS_DEPLOYMENT_TARGET = 13.0;
				LD_RUNPATH_SEARCH_PATHS = (
					"$(inherited)",
					"@executable_path/Frameworks",
				);
				MARKETING_VERSION = 1.0;
				PRODUCT_BUNDLE_IDENTIFIER = com.tkb.SwiftMVVMBoilerplate;
				PRODUCT_NAME = "$(TARGET_NAME)";
				PROVISIONING_PROFILE_SPECIFIER = "";
				SWIFT_EMIT_LOC_STRINGS = YES;
				SWIFT_VERSION = 5.0;
				TARGETED_DEVICE_FAMILY = "1,2";
			};
			name = Release;
		};
		4F42511A27DE5D1000CF004C /* Debug */ = {
			isa = XCBuildConfiguration;
			buildSettings = {
				ALWAYS_EMBED_SWIFT_STANDARD_LIBRARIES = YES;
				BUNDLE_LOADER = "$(TEST_HOST)";
				CODE_SIGN_STYLE = Automatic;
				CURRENT_PROJECT_VERSION = 1;
				DEVELOPMENT_TEAM = 38QG6YVYWC;
				GENERATE_INFOPLIST_FILE = YES;
				IPHONEOS_DEPLOYMENT_TARGET = 15.2;
				MARKETING_VERSION = 1.0;
				PRODUCT_BUNDLE_IDENTIFIER = com.tkb.SwiftMVVMBoilerplateTests;
				PRODUCT_NAME = "$(TARGET_NAME)";
				SWIFT_EMIT_LOC_STRINGS = NO;
				SWIFT_VERSION = 5.0;
				TARGETED_DEVICE_FAMILY = "1,2";
				TEST_HOST = "$(BUILT_PRODUCTS_DIR)/SwiftMVVMBoilerplate.app/SwiftMVVMBoilerplate";
			};
			name = Debug;
		};
		4F42511B27DE5D1000CF004C /* Release */ = {
			isa = XCBuildConfiguration;
			buildSettings = {
				ALWAYS_EMBED_SWIFT_STANDARD_LIBRARIES = YES;
				BUNDLE_LOADER = "$(TEST_HOST)";
				CODE_SIGN_STYLE = Automatic;
				CURRENT_PROJECT_VERSION = 1;
				DEVELOPMENT_TEAM = 38QG6YVYWC;
				GENERATE_INFOPLIST_FILE = YES;
				IPHONEOS_DEPLOYMENT_TARGET = 15.2;
				MARKETING_VERSION = 1.0;
				PRODUCT_BUNDLE_IDENTIFIER = com.tkb.SwiftMVVMBoilerplateTests;
				PRODUCT_NAME = "$(TARGET_NAME)";
				SWIFT_EMIT_LOC_STRINGS = NO;
				SWIFT_VERSION = 5.0;
				TARGETED_DEVICE_FAMILY = "1,2";
				TEST_HOST = "$(BUILT_PRODUCTS_DIR)/SwiftMVVMBoilerplate.app/SwiftMVVMBoilerplate";
			};
			name = Release;
		};
		4F42511D27DE5D1000CF004C /* Debug */ = {
			isa = XCBuildConfiguration;
			buildSettings = {
				ALWAYS_EMBED_SWIFT_STANDARD_LIBRARIES = YES;
				CODE_SIGN_STYLE = Automatic;
				CURRENT_PROJECT_VERSION = 1;
				DEVELOPMENT_TEAM = 38QG6YVYWC;
				GENERATE_INFOPLIST_FILE = YES;
				MARKETING_VERSION = 1.0;
				PRODUCT_BUNDLE_IDENTIFIER = com.tkb.SwiftMVVMBoilerplateUITests;
				PRODUCT_NAME = "$(TARGET_NAME)";
				SWIFT_EMIT_LOC_STRINGS = NO;
				SWIFT_VERSION = 5.0;
				TARGETED_DEVICE_FAMILY = "1,2";
				TEST_TARGET_NAME = SwiftMVVMBoilerplate;
			};
			name = Debug;
		};
		4F42511E27DE5D1000CF004C /* Release */ = {
			isa = XCBuildConfiguration;
			buildSettings = {
				ALWAYS_EMBED_SWIFT_STANDARD_LIBRARIES = YES;
				CODE_SIGN_STYLE = Automatic;
				CURRENT_PROJECT_VERSION = 1;
				DEVELOPMENT_TEAM = 38QG6YVYWC;
				GENERATE_INFOPLIST_FILE = YES;
				MARKETING_VERSION = 1.0;
				PRODUCT_BUNDLE_IDENTIFIER = com.tkb.SwiftMVVMBoilerplateUITests;
				PRODUCT_NAME = "$(TARGET_NAME)";
				SWIFT_EMIT_LOC_STRINGS = NO;
				SWIFT_VERSION = 5.0;
				TARGETED_DEVICE_FAMILY = "1,2";
				TEST_TARGET_NAME = SwiftMVVMBoilerplate;
			};
			name = Release;
		};
/* End XCBuildConfiguration section */

/* Begin XCConfigurationList section */
		4F4250E427DE5D0D00CF004C /* Build configuration list for PBXProject "SwiftMVVMBoilerplate" */ = {
			isa = XCConfigurationList;
			buildConfigurations = (
				4F42511427DE5D1000CF004C /* Debug */,
				4F42511527DE5D1000CF004C /* Release */,
			);
			defaultConfigurationIsVisible = 0;
			defaultConfigurationName = Release;
		};
		4F42511627DE5D1000CF004C /* Build configuration list for PBXNativeTarget "SwiftMVVMBoilerplate" */ = {
			isa = XCConfigurationList;
			buildConfigurations = (
				4F42511727DE5D1000CF004C /* Debug */,
				4F42511827DE5D1000CF004C /* Release */,
			);
			defaultConfigurationIsVisible = 0;
			defaultConfigurationName = Release;
		};
		4F42511927DE5D1000CF004C /* Build configuration list for PBXNativeTarget "SwiftMVVMBoilerplateTests" */ = {
			isa = XCConfigurationList;
			buildConfigurations = (
				4F42511A27DE5D1000CF004C /* Debug */,
				4F42511B27DE5D1000CF004C /* Release */,
			);
			defaultConfigurationIsVisible = 0;
			defaultConfigurationName = Release;
		};
		4F42511C27DE5D1000CF004C /* Build configuration list for PBXNativeTarget "SwiftMVVMBoilerplateUITests" */ = {
			isa = XCConfigurationList;
			buildConfigurations = (
				4F42511D27DE5D1000CF004C /* Debug */,
				4F42511E27DE5D1000CF004C /* Release */,
			);
			defaultConfigurationIsVisible = 0;
			defaultConfigurationName = Release;
		};
/* End XCConfigurationList section */

/* Begin XCVersionGroup section */
		4F4250F527DE5D0D00CF004C /* SwiftMVVMBoilerplate.xcdatamodeld */ = {
			isa = XCVersionGroup;
			children = (
				4F4250F627DE5D0D00CF004C /* SwiftMVVMBoilerplate.xcdatamodel */,
			);
			currentVersion = 4F4250F627DE5D0D00CF004C /* SwiftMVVMBoilerplate.xcdatamodel */;
			path = SwiftMVVMBoilerplate.xcdatamodeld;
			sourceTree = "<group>";
			versionGroupType = wrapper.xcdatamodel;
		};
/* End XCVersionGroup section */
	};
	rootObject = 4F4250E127DE5D0D00CF004C /* Project object */;
}
